// !$*UTF8*$!
{
	archiveVersion = 1;
	classes = {
	};
	objectVersion = 46;
	objects = {

/* Begin PBXBuildFile section */
		280551A01DDB6262001E99C6 /* DoctorInput.storyboard in Resources */ = {isa = PBXBuildFile; fileRef = 2805519F1DDB6262001E99C6 /* DoctorInput.storyboard */; };
		2834399E1DC2195900857437 /* Plist.swift in Sources */ = {isa = PBXBuildFile; fileRef = 2834399D1DC2195900857437 /* Plist.swift */; };
		28787E121DDB6B38000439AD /* PatientData.plist in Resources */ = {isa = PBXBuildFile; fileRef = 28787E111DDB6B38000439AD /* PatientData.plist */; };
		2899A9411DB519D6004306DF /* MedicineViewController.swift in Sources */ = {isa = PBXBuildFile; fileRef = 2899A93F1DB519D6004306DF /* MedicineViewController.swift */; };
		28A336C61DDB582C005D8626 /* Green1ViewController.swift in Sources */ = {isa = PBXBuildFile; fileRef = 28A336C51DDB582C005D8626 /* Green1ViewController.swift */; };
		28A336C81DDB5850005D8626 /* Green2ViewController.swift in Sources */ = {isa = PBXBuildFile; fileRef = 28A336C71DDB5850005D8626 /* Green2ViewController.swift */; };
		28A336CA1DDB585C005D8626 /* Green3ViewController.swift in Sources */ = {isa = PBXBuildFile; fileRef = 28A336C91DDB585C005D8626 /* Green3ViewController.swift */; };
		28A336CC1DDB586C005D8626 /* Green4ViewController.swift in Sources */ = {isa = PBXBuildFile; fileRef = 28A336CB1DDB586C005D8626 /* Green4ViewController.swift */; };
		28A336CE1DDB5877005D8626 /* Green5ViewController.swift in Sources */ = {isa = PBXBuildFile; fileRef = 28A336CD1DDB5877005D8626 /* Green5ViewController.swift */; };
		28A336D01DDB5881005D8626 /* Green6ViewController.swift in Sources */ = {isa = PBXBuildFile; fileRef = 28A336CF1DDB5881005D8626 /* Green6ViewController.swift */; };
		28A336D21DDB58D6005D8626 /* Yellow1ViewController.swift in Sources */ = {isa = PBXBuildFile; fileRef = 28A336D11DDB58D6005D8626 /* Yellow1ViewController.swift */; };
		28A336D41DDB58E0005D8626 /* Yellow2ViewController.swift in Sources */ = {isa = PBXBuildFile; fileRef = 28A336D31DDB58E0005D8626 /* Yellow2ViewController.swift */; };
		28A336D61DDB58E7005D8626 /* Yellow3ViewController.swift in Sources */ = {isa = PBXBuildFile; fileRef = 28A336D51DDB58E7005D8626 /* Yellow3ViewController.swift */; };
		28A336D81DDB58EE005D8626 /* Yellow4ViewController.swift in Sources */ = {isa = PBXBuildFile; fileRef = 28A336D71DDB58EE005D8626 /* Yellow4ViewController.swift */; };
		28A336DA1DDB58F4005D8626 /* Yellow5ViewController.swift in Sources */ = {isa = PBXBuildFile; fileRef = 28A336D91DDB58F4005D8626 /* Yellow5ViewController.swift */; };
		28A336DC1DDB58FF005D8626 /* Yellow6ViewController.swift in Sources */ = {isa = PBXBuildFile; fileRef = 28A336DB1DDB58FF005D8626 /* Yellow6ViewController.swift */; };
		28A336DE1DDB590B005D8626 /* Red1ViewController.swift in Sources */ = {isa = PBXBuildFile; fileRef = 28A336DD1DDB590B005D8626 /* Red1ViewController.swift */; };
		28A336E01DDB5912005D8626 /* Red2ViewController.swift in Sources */ = {isa = PBXBuildFile; fileRef = 28A336DF1DDB5912005D8626 /* Red2ViewController.swift */; };
		28A53A861DDDF64A00595F80 /* ColourFile.swift in Sources */ = {isa = PBXBuildFile; fileRef = 28A53A851DDDF64A00595F80 /* ColourFile.swift */; };
		28A53A881DDDFC7100595F80 /* PatientDataFields.swift in Sources */ = {isa = PBXBuildFile; fileRef = 28A53A871DDDFC7100595F80 /* PatientDataFields.swift */; };
		28A6D0D11DCB552A003B9CDC /* ListedViewController.swift in Sources */ = {isa = PBXBuildFile; fileRef = 28A6D0D01DCB552A003B9CDC /* ListedViewController.swift */; };
		28CC5CAC1DC77625009A7BE9 /* Settings.storyboard in Resources */ = {isa = PBXBuildFile; fileRef = 28CC5CAB1DC77625009A7BE9 /* Settings.storyboard */; };
		28CC5CAD1DC777E4009A7BE9 /* Emergency.storyboard in Resources */ = {isa = PBXBuildFile; fileRef = 5BAF07C51DB11C1B00AF2FD0 /* Emergency.storyboard */; };
		28E486301DB672A500C3C87E /* StatsStartViewController.swift in Sources */ = {isa = PBXBuildFile; fileRef = 28E4862F1DB672A500C3C87E /* StatsStartViewController.swift */; };
		28FEC5681E158DE50040EA96 /* Reminders.plist in Resources */ = {isa = PBXBuildFile; fileRef = 28FEC5671E158DE50040EA96 /* Reminders.plist */; };
		2E1958551E27DF820050B34C /* Emergency1ViewController.swift in Sources */ = {isa = PBXBuildFile; fileRef = 2E1958541E27DF820050B34C /* Emergency1ViewController.swift */; };
		2E572E931E17EA3E00C9D1F9 /* PollenChart.storyboard in Resources */ = {isa = PBXBuildFile; fileRef = 2E572E921E17EA3E00C9D1F9 /* PollenChart.storyboard */; };
		2E572E951E17EB2000C9D1F9 /* PollenChartViewController.swift in Sources */ = {isa = PBXBuildFile; fileRef = 2E572E941E17EB2000C9D1F9 /* PollenChartViewController.swift */; };
		2E572E971E17EB6D00C9D1F9 /* PollenGETRequests.swift in Sources */ = {isa = PBXBuildFile; fileRef = 2E572E961E17EB6D00C9D1F9 /* PollenGETRequests.swift */; };
		2E572EAA1E1C46F800C9D1F9 /* PollenForecastTests.swift in Sources */ = {isa = PBXBuildFile; fileRef = 2E572EA91E1C46F800C9D1F9 /* PollenForecastTests.swift */; };
		2EAAC7D31E0D5A8200BE9B77 /* Charts.framework in Frameworks */ = {isa = PBXBuildFile; fileRef = 2EAAC7CE1E0D5A6300BE9B77 /* Charts.framework */; };
		2EAAC7D41E0D5A8200BE9B77 /* Charts.framework in Embed Frameworks */ = {isa = PBXBuildFile; fileRef = 2EAAC7CE1E0D5A6300BE9B77 /* Charts.framework */; settings = {ATTRIBUTES = (CodeSignOnCopy, RemoveHeadersOnCopy, ); }; };
		5B0DEF7A1DB8F1FC006ECFCE /* LearnTableViewController.swift in Sources */ = {isa = PBXBuildFile; fileRef = 5B0DEF791DB8F1FC006ECFCE /* LearnTableViewController.swift */; };
		5B1C00531E13CBC000C1F3D8 /* WellViewController.swift in Sources */ = {isa = PBXBuildFile; fileRef = 5B1C00521E13CBC000C1F3D8 /* WellViewController.swift */; };
		5B1C00571E13CFE900C1F3D8 /* CriticalViewController.swift in Sources */ = {isa = PBXBuildFile; fileRef = 5B1C00561E13CFE900C1F3D8 /* CriticalViewController.swift */; };
		5B1CABA81E1BF19700DF8E7E /* ReminderTableViewCell.swift in Sources */ = {isa = PBXBuildFile; fileRef = 5B1CABA71E1BF19700DF8E7E /* ReminderTableViewCell.swift */; };
		5B1CABAC1E1C004800DF8E7E /* StringExtensions.swift in Sources */ = {isa = PBXBuildFile; fileRef = 5B1CABAB1E1C004800DF8E7E /* StringExtensions.swift */; };
		5B1CABAF1E1C01F900DF8E7E /* PushNotificationsTests.swift in Sources */ = {isa = PBXBuildFile; fileRef = 5B1CABAE1E1C01F900DF8E7E /* PushNotificationsTests.swift */; };
		5B1CABB31E1C210400DF8E7E /* PushNotificationCenter.swift in Sources */ = {isa = PBXBuildFile; fileRef = 5B1CABB21E1C210400DF8E7E /* PushNotificationCenter.swift */; };
		5B1CABBA1E1C6F5F00DF8E7E /* call_button.png in Resources */ = {isa = PBXBuildFile; fileRef = 5B1CABB91E1C6F5F00DF8E7E /* call_button.png */; };
		5B1CABBE1E1C70BD00DF8E7E /* Pill.png in Resources */ = {isa = PBXBuildFile; fileRef = 5B1CABBD1E1C70BD00DF8E7E /* Pill.png */; };
		5B3A1DBD1E0D7A76009800B8 /* PlotBreathGraph.storyboard in Resources */ = {isa = PBXBuildFile; fileRef = 5B3A1DBC1E0D7A76009800B8 /* PlotBreathGraph.storyboard */; };
		5B4A8A3C1E2E38AD00E92623 /* ArduinoPEFBluetooth.c in Sources */ = {isa = PBXBuildFile; fileRef = 5B4A8A3B1E2E38AD00E92623 /* ArduinoPEFBluetooth.c */; };
		5B4AA88E1E15887600F162AF /* PulmonisAsthmaJournalUITests.swift in Sources */ = {isa = PBXBuildFile; fileRef = 5B4AA88D1E15887600F162AF /* PulmonisAsthmaJournalUITests.swift */; };
		5B4AA89A1E15BA6900F162AF /* WorsePopoverViewController.swift in Sources */ = {isa = PBXBuildFile; fileRef = 5B4AA8991E15BA6900F162AF /* WorsePopoverViewController.swift */; };
		5B4DAD371E2032F8003E708D /* PulmonisSupportUITests.swift in Sources */ = {isa = PBXBuildFile; fileRef = 5B4DAD361E2032F8003E708D /* PulmonisSupportUITests.swift */; };
		5B5138EA1E1AFA1A00260638 /* CheckAsthmaStatusViewController.swift in Sources */ = {isa = PBXBuildFile; fileRef = 5B5138E91E1AFA1A00260638 /* CheckAsthmaStatusViewController.swift */; };
		5B5138EE1E1B0CF400260638 /* PulmonisPeakFlow.swift in Sources */ = {isa = PBXBuildFile; fileRef = 5B5138ED1E1B0CF400260638 /* PulmonisPeakFlow.swift */; };
		5B6B434F1DC38E770071AC66 /* Learn.storyboard in Resources */ = {isa = PBXBuildFile; fileRef = 5B6B434E1DC38E770071AC66 /* Learn.storyboard */; };
		5B6B43511DC38F6A0071AC66 /* Statistics.storyboard in Resources */ = {isa = PBXBuildFile; fileRef = 5B6B43501DC38F6A0071AC66 /* Statistics.storyboard */; };
		5B6B43531DC390400071AC66 /* ActionPlan.storyboard in Resources */ = {isa = PBXBuildFile; fileRef = 5B6B43521DC390400071AC66 /* ActionPlan.storyboard */; };
		5B702FE91E0E9FEB0082B649 /* BluetoothUnitTests.swift in Sources */ = {isa = PBXBuildFile; fileRef = 5B702FE81E0E9FEB0082B649 /* BluetoothUnitTests.swift */; };
		5B7DFE811E12FB7B0057D341 /* PulmonisDoctorInputUITest.swift in Sources */ = {isa = PBXBuildFile; fileRef = 5B7DFE801E12FB7B0057D341 /* PulmonisDoctorInputUITest.swift */; };
		5B82CA961DC8C14B003930FB /* PeakFlowViewController.swift in Sources */ = {isa = PBXBuildFile; fileRef = 5B82CA951DC8C14B003930FB /* PeakFlowViewController.swift */; };
		5B82CABA1DC8CA85003930FB /* PeakFlowModel.xcdatamodeld in Sources */ = {isa = PBXBuildFile; fileRef = 5B82CAB81DC8CA85003930FB /* PeakFlowModel.xcdatamodeld */; };
		5B82CABD1DC8CAF1003930FB /* PeakFlowTable+CoreDataClass.swift in Sources */ = {isa = PBXBuildFile; fileRef = 5B82CABB1DC8CAF1003930FB /* PeakFlowTable+CoreDataClass.swift */; };
		5B82CABE1DC8CAF1003930FB /* PeakFlowTable+CoreDataProperties.swift in Sources */ = {isa = PBXBuildFile; fileRef = 5B82CABC1DC8CAF1003930FB /* PeakFlowTable+CoreDataProperties.swift */; };
		5B82CAC01DC8ECE4003930FB /* SupportViewController.swift in Sources */ = {isa = PBXBuildFile; fileRef = 5B82CABF1DC8ECE4003930FB /* SupportViewController.swift */; };
		5B82CAC31DC8EE07003930FB /* SupportRecord+CoreDataClass.swift in Sources */ = {isa = PBXBuildFile; fileRef = 5B82CAC11DC8EE07003930FB /* SupportRecord+CoreDataClass.swift */; };
		5B82CAC41DC8EE07003930FB /* SupportRecord+CoreDataProperties.swift in Sources */ = {isa = PBXBuildFile; fileRef = 5B82CAC21DC8EE07003930FB /* SupportRecord+CoreDataProperties.swift */; };
		5B82CAD31DC912CB003930FB /* PendingTask+CoreDataClass.swift in Sources */ = {isa = PBXBuildFile; fileRef = 5B82CAD11DC912CB003930FB /* PendingTask+CoreDataClass.swift */; };
		5B82CAD41DC912CB003930FB /* PendingTask+CoreDataProperties.swift in Sources */ = {isa = PBXBuildFile; fileRef = 5B82CAD21DC912CB003930FB /* PendingTask+CoreDataProperties.swift */; };
		5B82CAD61DC9139C003930FB /* PendingTasks.storyboard in Resources */ = {isa = PBXBuildFile; fileRef = 5B82CAD51DC9139C003930FB /* PendingTasks.storyboard */; };
		5B82CAD81DC91527003930FB /* TaskTableViewCell.swift in Sources */ = {isa = PBXBuildFile; fileRef = 5B82CAD71DC91527003930FB /* TaskTableViewCell.swift */; };
		5B82CADA1DC918C1003930FB /* PendingTasksTableViewController.swift in Sources */ = {isa = PBXBuildFile; fileRef = 5B82CAD91DC918C1003930FB /* PendingTasksTableViewController.swift */; };
		5B88A4E81DEB464800CDD946 /* BLE.swift in Sources */ = {isa = PBXBuildFile; fileRef = 5B88A4E71DEB464800CDD946 /* BLE.swift */; };
		5BA780761E1578FF00DAA367 /* AsthmaJournal.storyboard in Resources */ = {isa = PBXBuildFile; fileRef = 5BA780751E1578FF00DAA367 /* AsthmaJournal.storyboard */; };
		5BA780781E157BAA00DAA367 /* AsthmaJournalTableViewController.swift in Sources */ = {isa = PBXBuildFile; fileRef = 5BA780771E157BAA00DAA367 /* AsthmaJournalTableViewController.swift */; };
		5BA7807C1E157C4E00DAA367 /* BreathRecordTableViewCell.swift in Sources */ = {isa = PBXBuildFile; fileRef = 5BA7807B1E157C4E00DAA367 /* BreathRecordTableViewCell.swift */; };
		5BAF07C21DB11C1B00AF2FD0 /* AppDelegate.swift in Sources */ = {isa = PBXBuildFile; fileRef = 5BAF07C11DB11C1B00AF2FD0 /* AppDelegate.swift */; };
		5BAF07C41DB11C1B00AF2FD0 /* ViewController.swift in Sources */ = {isa = PBXBuildFile; fileRef = 5BAF07C31DB11C1B00AF2FD0 /* ViewController.swift */; };
		5BAF07C91DB11C1B00AF2FD0 /* Assets.xcassets in Resources */ = {isa = PBXBuildFile; fileRef = 5BAF07C81DB11C1B00AF2FD0 /* Assets.xcassets */; };
		5BAF07CC1DB11C1B00AF2FD0 /* LaunchScreen.storyboard in Resources */ = {isa = PBXBuildFile; fileRef = 5BAF07CA1DB11C1B00AF2FD0 /* LaunchScreen.storyboard */; };
		5BAF07D71DB11C1B00AF2FD0 /* PulmonisTests.swift in Sources */ = {isa = PBXBuildFile; fileRef = 5BAF07D61DB11C1B00AF2FD0 /* PulmonisTests.swift */; };
		5BAF07E21DB11C1B00AF2FD0 /* PulmonisUITests.swift in Sources */ = {isa = PBXBuildFile; fileRef = 5BAF07E11DB11C1B00AF2FD0 /* PulmonisUITests.swift */; };
		5BB1A35A1E3DF8DF00600134 /* PEF_Graph.png in Resources */ = {isa = PBXBuildFile; fileRef = 5BB1A3591E3DF8DF00600134 /* PEF_Graph.png */; };
		5BB1A35C1E3DF8F100600134 /* Push_Notifications.png in Resources */ = {isa = PBXBuildFile; fileRef = 5BB1A35B1E3DF8F100600134 /* Push_Notifications.png */; };
		5BB1A35E1E3DF90500600134 /* Well_Done.png in Resources */ = {isa = PBXBuildFile; fileRef = 5BB1A35D1E3DF90500600134 /* Well_Done.png */; };
		5BB1A3601E3DF91400600134 /* Worse.png in Resources */ = {isa = PBXBuildFile; fileRef = 5BB1A35F1E3DF91400600134 /* Worse.png */; };
		5BB1A3621E3DF92700600134 /* Critical.png in Resources */ = {isa = PBXBuildFile; fileRef = 5BB1A3611E3DF92700600134 /* Critical.png */; };
		5BB1A3641E3DF93000600134 /* Reminders_Settings.png in Resources */ = {isa = PBXBuildFile; fileRef = 5BB1A3631E3DF93000600134 /* Reminders_Settings.png */; };
		5BB1A3681E3DF96000600134 /* PEF_Recorded.png in Resources */ = {isa = PBXBuildFile; fileRef = 5BB1A3671E3DF96000600134 /* PEF_Recorded.png */; };
		5BB1A36A1E3DF96900600134 /* HealthKit_1.png in Resources */ = {isa = PBXBuildFile; fileRef = 5BB1A3691E3DF96900600134 /* HealthKit_1.png */; };
		5BB1A36C1E3DF97200600134 /* HealthKit_2.png in Resources */ = {isa = PBXBuildFile; fileRef = 5BB1A36B1E3DF97200600134 /* HealthKit_2.png */; };
		5BB1A36E1E3DF97600600134 /* HealthKit_3.png in Resources */ = {isa = PBXBuildFile; fileRef = 5BB1A36D1E3DF97600600134 /* HealthKit_3.png */; };
		5BB1A3701E3DF97C00600134 /* Main.png in Resources */ = {isa = PBXBuildFile; fileRef = 5BB1A36F1E3DF97C00600134 /* Main.png */; };
		5BB1A3721E3DF98100600134 /* Pending_Tasks.png in Resources */ = {isa = PBXBuildFile; fileRef = 5BB1A3711E3DF98100600134 /* Pending_Tasks.png */; };
		5BB1A3741E3DF98900600134 /* Pending_Tasks_Delete.png in Resources */ = {isa = PBXBuildFile; fileRef = 5BB1A3731E3DF98900600134 /* Pending_Tasks_Delete.png */; };
		5BB1A3781E3DF99500600134 /* Green.png in Resources */ = {isa = PBXBuildFile; fileRef = 5BB1A3771E3DF99500600134 /* Green.png */; };
		5BB1A37A1E3DF99D00600134 /* Yellow.png in Resources */ = {isa = PBXBuildFile; fileRef = 5BB1A3791E3DF99D00600134 /* Yellow.png */; };
		5BB1A37C1E3DF9A200600134 /* Red.png in Resources */ = {isa = PBXBuildFile; fileRef = 5BB1A37B1E3DF9A200600134 /* Red.png */; };
		5BB1A37E1E3DF9AA00600134 /* Met_Data.png in Resources */ = {isa = PBXBuildFile; fileRef = 5BB1A37D1E3DF9AA00600134 /* Met_Data.png */; };
		5BB493911E0F2BB600C09719 /* Yellow7ViewController.swift in Sources */ = {isa = PBXBuildFile; fileRef = 5BB493901E0F2BB600C09719 /* Yellow7ViewController.swift */; };
		5BB9E4421E13FFB800B5892A /* RemindersTableViewController.swift in Sources */ = {isa = PBXBuildFile; fileRef = 5BB9E4411E13FFB800B5892A /* RemindersTableViewController.swift */; };
		5BB9E44C1E1441C800B5892A /* SettingsTableViewController.swift in Sources */ = {isa = PBXBuildFile; fileRef = 5BB9E44B1E1441C800B5892A /* SettingsTableViewController.swift */; };
		5BC2CD3C1E0F340700FBDEC9 /* HealthKit.storyboard in Resources */ = {isa = PBXBuildFile; fileRef = 5BC2CD3B1E0F340600FBDEC9 /* HealthKit.storyboard */; };
		5BC2CD401E0F343300FBDEC9 /* HealthKitViewController.swift in Sources */ = {isa = PBXBuildFile; fileRef = 5BC2CD3F1E0F343300FBDEC9 /* HealthKitViewController.swift */; };
		5BC2CD481E0FD3E700FBDEC9 /* HealthKit.framework in Frameworks */ = {isa = PBXBuildFile; fileRef = 5BC2CD471E0FD3E700FBDEC9 /* HealthKit.framework */; };
		5BC5360F1DB6761C00231A50 /* LiberationSans-Bold.ttf in Resources */ = {isa = PBXBuildFile; fileRef = 5BC5360E1DB6761C00231A50 /* LiberationSans-Bold.ttf */; };
		5BC536101DB6761C00231A50 /* LiberationSans-Bold.ttf in Resources */ = {isa = PBXBuildFile; fileRef = 5BC5360E1DB6761C00231A50 /* LiberationSans-Bold.ttf */; };
		5BC536111DB6761C00231A50 /* LiberationSans-Bold.ttf in Resources */ = {isa = PBXBuildFile; fileRef = 5BC5360E1DB6761C00231A50 /* LiberationSans-Bold.ttf */; };
		5BC536151DB6762A00231A50 /* LiberationSans-BoldItalic.ttf in Resources */ = {isa = PBXBuildFile; fileRef = 5BC536121DB6762A00231A50 /* LiberationSans-BoldItalic.ttf */; };
		5BC536161DB6762A00231A50 /* LiberationSans-BoldItalic.ttf in Resources */ = {isa = PBXBuildFile; fileRef = 5BC536121DB6762A00231A50 /* LiberationSans-BoldItalic.ttf */; };
		5BC536171DB6762A00231A50 /* LiberationSans-BoldItalic.ttf in Resources */ = {isa = PBXBuildFile; fileRef = 5BC536121DB6762A00231A50 /* LiberationSans-BoldItalic.ttf */; };
		5BC536181DB6762A00231A50 /* LiberationSans-Italic.ttf in Resources */ = {isa = PBXBuildFile; fileRef = 5BC536131DB6762A00231A50 /* LiberationSans-Italic.ttf */; };
		5BC536191DB6762A00231A50 /* LiberationSans-Italic.ttf in Resources */ = {isa = PBXBuildFile; fileRef = 5BC536131DB6762A00231A50 /* LiberationSans-Italic.ttf */; };
		5BC5361A1DB6762A00231A50 /* LiberationSans-Italic.ttf in Resources */ = {isa = PBXBuildFile; fileRef = 5BC536131DB6762A00231A50 /* LiberationSans-Italic.ttf */; };
		5BC5361B1DB6762A00231A50 /* LiberationSans-Regular.ttf in Resources */ = {isa = PBXBuildFile; fileRef = 5BC536141DB6762A00231A50 /* LiberationSans-Regular.ttf */; };
		5BC5361C1DB6762A00231A50 /* LiberationSans-Regular.ttf in Resources */ = {isa = PBXBuildFile; fileRef = 5BC536141DB6762A00231A50 /* LiberationSans-Regular.ttf */; };
		5BC5361D1DB6762A00231A50 /* LiberationSans-Regular.ttf in Resources */ = {isa = PBXBuildFile; fileRef = 5BC536141DB6762A00231A50 /* LiberationSans-Regular.ttf */; };
		5BC91B941E0D7F1E002D0879 /* PlotBreathGraphViewController.swift in Sources */ = {isa = PBXBuildFile; fileRef = 5BC91B931E0D7F1E002D0879 /* PlotBreathGraphViewController.swift */; };
		5BD2AFAF1E0FF285008FA668 /* HealthKitTests.swift in Sources */ = {isa = PBXBuildFile; fileRef = 5BD2AFAE1E0FF285008FA668 /* HealthKitTests.swift */; };
		5BD2AFB31E11D010008FA668 /* Well.storyboard in Resources */ = {isa = PBXBuildFile; fileRef = 5BD2AFB21E11D010008FA668 /* Well.storyboard */; };
		5BD2AFB71E11D028008FA668 /* Worse.storyboard in Resources */ = {isa = PBXBuildFile; fileRef = 5BD2AFB61E11D028008FA668 /* Worse.storyboard */; };
		5BD2AFB91E11D036008FA668 /* Critical.storyboard in Resources */ = {isa = PBXBuildFile; fileRef = 5BD2AFB81E11D036008FA668 /* Critical.storyboard */; };
		5BE313151E1290D50094C7EF /* PushNotifications.storyboard in Resources */ = {isa = PBXBuildFile; fileRef = 5BE313141E1290D50094C7EF /* PushNotifications.storyboard */; };
		5BE3131B1E1295CE0094C7EF /* PushNotificationsViewController.swift in Sources */ = {isa = PBXBuildFile; fileRef = 5BE3131A1E1295CE0094C7EF /* PushNotificationsViewController.swift */; };
		5BFFCB0F1E1DC0AF001AE48A /* DateExtensions.swift in Sources */ = {isa = PBXBuildFile; fileRef = 5BFFCB0E1E1DC0AF001AE48A /* DateExtensions.swift */; };
		5BFFCB151E1DCB9C001AE48A /* KeyboardExtensions.swift in Sources */ = {isa = PBXBuildFile; fileRef = 5BFFCB141E1DCB9C001AE48A /* KeyboardExtensions.swift */; };
		5BFFCB191E1DCBD5001AE48A /* ApplicationExtensions.swift in Sources */ = {isa = PBXBuildFile; fileRef = 5BFFCB181E1DCBD4001AE48A /* ApplicationExtensions.swift */; };
		71987C5B1DB678B300248AE1 /* EmergencyViewController.swift in Sources */ = {isa = PBXBuildFile; fileRef = 71987C5A1DB678B300248AE1 /* EmergencyViewController.swift */; };
		719D0C7F1DBA2E66008F5F97 /* Main.storyboard in Resources */ = {isa = PBXBuildFile; fileRef = 719D0C7D1DBA2E66008F5F97 /* Main.storyboard */; };
/* End PBXBuildFile section */

/* Begin PBXContainerItemProxy section */
		2EAAC7CD1E0D5A6300BE9B77 /* PBXContainerItemProxy */ = {
			isa = PBXContainerItemProxy;
			containerPortal = 2EAAC7C71E0D5A6300BE9B77 /* Charts.xcodeproj */;
			proxyType = 2;
			remoteGlobalIDString = 06165F241D8110E600722320;
			remoteInfo = Charts;
		};
		2EAAC7CF1E0D5A6300BE9B77 /* PBXContainerItemProxy */ = {
			isa = PBXContainerItemProxy;
			containerPortal = 2EAAC7C71E0D5A6300BE9B77 /* Charts.xcodeproj */;
			proxyType = 2;
			remoteGlobalIDString = 06B120D51D811E6200D14B02;
			remoteInfo = ChartsRealm;
		};
		2EAAC7D11E0D5A6300BE9B77 /* PBXContainerItemProxy */ = {
			isa = PBXContainerItemProxy;
			containerPortal = 2EAAC7C71E0D5A6300BE9B77 /* Charts.xcodeproj */;
			proxyType = 2;
			remoteGlobalIDString = 06165F2E1D8110E600722320;
			remoteInfo = ChartsTests;
		};
		2EAAC7D51E0D5A8200BE9B77 /* PBXContainerItemProxy */ = {
			isa = PBXContainerItemProxy;
			containerPortal = 2EAAC7C71E0D5A6300BE9B77 /* Charts.xcodeproj */;
			proxyType = 1;
			remoteGlobalIDString = 06165F231D8110E600722320;
			remoteInfo = Charts;
		};
		5BAF07D31DB11C1B00AF2FD0 /* PBXContainerItemProxy */ = {
			isa = PBXContainerItemProxy;
			containerPortal = 5BAF07B61DB11C1B00AF2FD0 /* Project object */;
			proxyType = 1;
			remoteGlobalIDString = 5BAF07BD1DB11C1B00AF2FD0;
			remoteInfo = Pulmonis;
		};
		5BAF07DE1DB11C1B00AF2FD0 /* PBXContainerItemProxy */ = {
			isa = PBXContainerItemProxy;
			containerPortal = 5BAF07B61DB11C1B00AF2FD0 /* Project object */;
			proxyType = 1;
			remoteGlobalIDString = 5BAF07BD1DB11C1B00AF2FD0;
			remoteInfo = Pulmonis;
		};
/* End PBXContainerItemProxy section */

/* Begin PBXCopyFilesBuildPhase section */
		2EAAC7D71E0D5A8200BE9B77 /* Embed Frameworks */ = {
			isa = PBXCopyFilesBuildPhase;
			buildActionMask = 2147483647;
			dstPath = "";
			dstSubfolderSpec = 10;
			files = (
				2EAAC7D41E0D5A8200BE9B77 /* Charts.framework in Embed Frameworks */,
			);
			name = "Embed Frameworks";
			runOnlyForDeploymentPostprocessing = 0;
		};
/* End PBXCopyFilesBuildPhase section */

/* Begin PBXFileReference section */
		2805519F1DDB6262001E99C6 /* DoctorInput.storyboard */ = {isa = PBXFileReference; fileEncoding = 4; lastKnownFileType = file.storyboard; path = DoctorInput.storyboard; sourceTree = "<group>"; };
		2834399D1DC2195900857437 /* Plist.swift */ = {isa = PBXFileReference; fileEncoding = 4; lastKnownFileType = sourcecode.swift; path = Plist.swift; sourceTree = "<group>"; };
		28787E111DDB6B38000439AD /* PatientData.plist */ = {isa = PBXFileReference; fileEncoding = 4; lastKnownFileType = text.plist.xml; path = PatientData.plist; sourceTree = "<group>"; };
		2899A93F1DB519D6004306DF /* MedicineViewController.swift */ = {isa = PBXFileReference; fileEncoding = 4; lastKnownFileType = sourcecode.swift; path = MedicineViewController.swift; sourceTree = "<group>"; };
		28A336C51DDB582C005D8626 /* Green1ViewController.swift */ = {isa = PBXFileReference; fileEncoding = 4; lastKnownFileType = sourcecode.swift; path = Green1ViewController.swift; sourceTree = "<group>"; };
		28A336C71DDB5850005D8626 /* Green2ViewController.swift */ = {isa = PBXFileReference; fileEncoding = 4; lastKnownFileType = sourcecode.swift; path = Green2ViewController.swift; sourceTree = "<group>"; };
		28A336C91DDB585C005D8626 /* Green3ViewController.swift */ = {isa = PBXFileReference; fileEncoding = 4; lastKnownFileType = sourcecode.swift; path = Green3ViewController.swift; sourceTree = "<group>"; };
		28A336CB1DDB586C005D8626 /* Green4ViewController.swift */ = {isa = PBXFileReference; fileEncoding = 4; lastKnownFileType = sourcecode.swift; path = Green4ViewController.swift; sourceTree = "<group>"; };
		28A336CD1DDB5877005D8626 /* Green5ViewController.swift */ = {isa = PBXFileReference; fileEncoding = 4; lastKnownFileType = sourcecode.swift; path = Green5ViewController.swift; sourceTree = "<group>"; };
		28A336CF1DDB5881005D8626 /* Green6ViewController.swift */ = {isa = PBXFileReference; fileEncoding = 4; lastKnownFileType = sourcecode.swift; path = Green6ViewController.swift; sourceTree = "<group>"; };
		28A336D11DDB58D6005D8626 /* Yellow1ViewController.swift */ = {isa = PBXFileReference; fileEncoding = 4; lastKnownFileType = sourcecode.swift; path = Yellow1ViewController.swift; sourceTree = "<group>"; };
		28A336D31DDB58E0005D8626 /* Yellow2ViewController.swift */ = {isa = PBXFileReference; fileEncoding = 4; lastKnownFileType = sourcecode.swift; path = Yellow2ViewController.swift; sourceTree = "<group>"; };
		28A336D51DDB58E7005D8626 /* Yellow3ViewController.swift */ = {isa = PBXFileReference; fileEncoding = 4; lastKnownFileType = sourcecode.swift; path = Yellow3ViewController.swift; sourceTree = "<group>"; };
		28A336D71DDB58EE005D8626 /* Yellow4ViewController.swift */ = {isa = PBXFileReference; fileEncoding = 4; lastKnownFileType = sourcecode.swift; path = Yellow4ViewController.swift; sourceTree = "<group>"; };
		28A336D91DDB58F4005D8626 /* Yellow5ViewController.swift */ = {isa = PBXFileReference; fileEncoding = 4; lastKnownFileType = sourcecode.swift; path = Yellow5ViewController.swift; sourceTree = "<group>"; };
		28A336DB1DDB58FF005D8626 /* Yellow6ViewController.swift */ = {isa = PBXFileReference; fileEncoding = 4; lastKnownFileType = sourcecode.swift; path = Yellow6ViewController.swift; sourceTree = "<group>"; };
		28A336DD1DDB590B005D8626 /* Red1ViewController.swift */ = {isa = PBXFileReference; fileEncoding = 4; lastKnownFileType = sourcecode.swift; path = Red1ViewController.swift; sourceTree = "<group>"; };
		28A336DF1DDB5912005D8626 /* Red2ViewController.swift */ = {isa = PBXFileReference; fileEncoding = 4; lastKnownFileType = sourcecode.swift; path = Red2ViewController.swift; sourceTree = "<group>"; };
		28A53A851DDDF64A00595F80 /* ColourFile.swift */ = {isa = PBXFileReference; fileEncoding = 4; lastKnownFileType = sourcecode.swift; path = ColourFile.swift; sourceTree = "<group>"; };
		28A53A871DDDFC7100595F80 /* PatientDataFields.swift */ = {isa = PBXFileReference; fileEncoding = 4; lastKnownFileType = sourcecode.swift; path = PatientDataFields.swift; sourceTree = "<group>"; };
		28A6D0D01DCB552A003B9CDC /* ListedViewController.swift */ = {isa = PBXFileReference; fileEncoding = 4; lastKnownFileType = sourcecode.swift; path = ListedViewController.swift; sourceTree = "<group>"; };
		28CC5CAB1DC77625009A7BE9 /* Settings.storyboard */ = {isa = PBXFileReference; fileEncoding = 4; lastKnownFileType = file.storyboard; path = Settings.storyboard; sourceTree = "<group>"; };
		28E4862F1DB672A500C3C87E /* StatsStartViewController.swift */ = {isa = PBXFileReference; fileEncoding = 4; lastKnownFileType = sourcecode.swift; path = StatsStartViewController.swift; sourceTree = "<group>"; };
		28FEC5671E158DE50040EA96 /* Reminders.plist */ = {isa = PBXFileReference; fileEncoding = 4; lastKnownFileType = text.plist.xml; path = Reminders.plist; sourceTree = "<group>"; };
		2E1958541E27DF820050B34C /* Emergency1ViewController.swift */ = {isa = PBXFileReference; fileEncoding = 4; lastKnownFileType = sourcecode.swift; path = Emergency1ViewController.swift; sourceTree = "<group>"; };
		2E572E921E17EA3E00C9D1F9 /* PollenChart.storyboard */ = {isa = PBXFileReference; fileEncoding = 4; lastKnownFileType = file.storyboard; path = PollenChart.storyboard; sourceTree = "<group>"; };
		2E572E941E17EB2000C9D1F9 /* PollenChartViewController.swift */ = {isa = PBXFileReference; fileEncoding = 4; lastKnownFileType = sourcecode.swift; path = PollenChartViewController.swift; sourceTree = "<group>"; };
		2E572E961E17EB6D00C9D1F9 /* PollenGETRequests.swift */ = {isa = PBXFileReference; fileEncoding = 4; lastKnownFileType = sourcecode.swift; path = PollenGETRequests.swift; sourceTree = "<group>"; };
		2E572EA91E1C46F800C9D1F9 /* PollenForecastTests.swift */ = {isa = PBXFileReference; fileEncoding = 4; lastKnownFileType = sourcecode.swift; path = PollenForecastTests.swift; sourceTree = "<group>"; };
		2EAAC7C71E0D5A6300BE9B77 /* Charts.xcodeproj */ = {isa = PBXFileReference; lastKnownFileType = "wrapper.pb-project"; name = Charts.xcodeproj; path = Charts/Charts.xcodeproj; sourceTree = "<group>"; };
		5B0DEF791DB8F1FC006ECFCE /* LearnTableViewController.swift */ = {isa = PBXFileReference; fileEncoding = 4; lastKnownFileType = sourcecode.swift; path = LearnTableViewController.swift; sourceTree = "<group>"; };
		5B1C00521E13CBC000C1F3D8 /* WellViewController.swift */ = {isa = PBXFileReference; fileEncoding = 4; lastKnownFileType = sourcecode.swift; path = WellViewController.swift; sourceTree = "<group>"; };
		5B1C00561E13CFE900C1F3D8 /* CriticalViewController.swift */ = {isa = PBXFileReference; fileEncoding = 4; lastKnownFileType = sourcecode.swift; path = CriticalViewController.swift; sourceTree = "<group>"; };
		5B1CABA71E1BF19700DF8E7E /* ReminderTableViewCell.swift */ = {isa = PBXFileReference; fileEncoding = 4; lastKnownFileType = sourcecode.swift; path = ReminderTableViewCell.swift; sourceTree = "<group>"; };
		5B1CABAB1E1C004800DF8E7E /* StringExtensions.swift */ = {isa = PBXFileReference; fileEncoding = 4; lastKnownFileType = sourcecode.swift; path = StringExtensions.swift; sourceTree = "<group>"; };
		5B1CABAE1E1C01F900DF8E7E /* PushNotificationsTests.swift */ = {isa = PBXFileReference; fileEncoding = 4; lastKnownFileType = sourcecode.swift; path = PushNotificationsTests.swift; sourceTree = "<group>"; };
		5B1CABB21E1C210400DF8E7E /* PushNotificationCenter.swift */ = {isa = PBXFileReference; fileEncoding = 4; lastKnownFileType = sourcecode.swift; path = PushNotificationCenter.swift; sourceTree = "<group>"; };
		5B1CABB91E1C6F5F00DF8E7E /* call_button.png */ = {isa = PBXFileReference; lastKnownFileType = image.png; path = call_button.png; sourceTree = "<group>"; };
		5B1CABBD1E1C70BD00DF8E7E /* Pill.png */ = {isa = PBXFileReference; lastKnownFileType = image.png; path = Pill.png; sourceTree = "<group>"; };
		5B3A1DBC1E0D7A76009800B8 /* PlotBreathGraph.storyboard */ = {isa = PBXFileReference; fileEncoding = 4; lastKnownFileType = file.storyboard; path = PlotBreathGraph.storyboard; sourceTree = "<group>"; };
		5B4A8A3B1E2E38AD00E92623 /* ArduinoPEFBluetooth.c */ = {isa = PBXFileReference; fileEncoding = 4; lastKnownFileType = sourcecode.c.c; path = ArduinoPEFBluetooth.c; sourceTree = "<group>"; };
		5B4AA88D1E15887600F162AF /* PulmonisAsthmaJournalUITests.swift */ = {isa = PBXFileReference; fileEncoding = 4; lastKnownFileType = sourcecode.swift; path = PulmonisAsthmaJournalUITests.swift; sourceTree = "<group>"; };
		5B4AA8991E15BA6900F162AF /* WorsePopoverViewController.swift */ = {isa = PBXFileReference; fileEncoding = 4; lastKnownFileType = sourcecode.swift; path = WorsePopoverViewController.swift; sourceTree = "<group>"; };
		5B4DAD361E2032F8003E708D /* PulmonisSupportUITests.swift */ = {isa = PBXFileReference; fileEncoding = 4; lastKnownFileType = sourcecode.swift; path = PulmonisSupportUITests.swift; sourceTree = "<group>"; };
		5B5138E91E1AFA1A00260638 /* CheckAsthmaStatusViewController.swift */ = {isa = PBXFileReference; fileEncoding = 4; lastKnownFileType = sourcecode.swift; path = CheckAsthmaStatusViewController.swift; sourceTree = "<group>"; };
		5B5138ED1E1B0CF400260638 /* PulmonisPeakFlow.swift */ = {isa = PBXFileReference; fileEncoding = 4; lastKnownFileType = sourcecode.swift; path = PulmonisPeakFlow.swift; sourceTree = "<group>"; };
		5B6B434E1DC38E770071AC66 /* Learn.storyboard */ = {isa = PBXFileReference; fileEncoding = 4; lastKnownFileType = file.storyboard; path = Learn.storyboard; sourceTree = "<group>"; };
		5B6B43501DC38F6A0071AC66 /* Statistics.storyboard */ = {isa = PBXFileReference; fileEncoding = 4; lastKnownFileType = file.storyboard; path = Statistics.storyboard; sourceTree = "<group>"; };
		5B6B43521DC390400071AC66 /* ActionPlan.storyboard */ = {isa = PBXFileReference; fileEncoding = 4; lastKnownFileType = file.storyboard; path = ActionPlan.storyboard; sourceTree = "<group>"; };
		5B702FE81E0E9FEB0082B649 /* BluetoothUnitTests.swift */ = {isa = PBXFileReference; fileEncoding = 4; lastKnownFileType = sourcecode.swift; path = BluetoothUnitTests.swift; sourceTree = "<group>"; };
		5B7DFE801E12FB7B0057D341 /* PulmonisDoctorInputUITest.swift */ = {isa = PBXFileReference; fileEncoding = 4; lastKnownFileType = sourcecode.swift; path = PulmonisDoctorInputUITest.swift; sourceTree = "<group>"; };
		5B82CA951DC8C14B003930FB /* PeakFlowViewController.swift */ = {isa = PBXFileReference; fileEncoding = 4; lastKnownFileType = sourcecode.swift; path = PeakFlowViewController.swift; sourceTree = "<group>"; };
		5B82CAB91DC8CA85003930FB /* PeakFlowModel.xcdatamodel */ = {isa = PBXFileReference; lastKnownFileType = wrapper.xcdatamodel; path = PeakFlowModel.xcdatamodel; sourceTree = "<group>"; };
		5B82CABB1DC8CAF1003930FB /* PeakFlowTable+CoreDataClass.swift */ = {isa = PBXFileReference; fileEncoding = 4; lastKnownFileType = sourcecode.swift; path = "PeakFlowTable+CoreDataClass.swift"; sourceTree = "<group>"; };
		5B82CABC1DC8CAF1003930FB /* PeakFlowTable+CoreDataProperties.swift */ = {isa = PBXFileReference; fileEncoding = 4; lastKnownFileType = sourcecode.swift; path = "PeakFlowTable+CoreDataProperties.swift"; sourceTree = "<group>"; };
		5B82CABF1DC8ECE4003930FB /* SupportViewController.swift */ = {isa = PBXFileReference; fileEncoding = 4; lastKnownFileType = sourcecode.swift; path = SupportViewController.swift; sourceTree = "<group>"; };
		5B82CAC11DC8EE07003930FB /* SupportRecord+CoreDataClass.swift */ = {isa = PBXFileReference; fileEncoding = 4; lastKnownFileType = sourcecode.swift; path = "SupportRecord+CoreDataClass.swift"; sourceTree = "<group>"; };
		5B82CAC21DC8EE07003930FB /* SupportRecord+CoreDataProperties.swift */ = {isa = PBXFileReference; fileEncoding = 4; lastKnownFileType = sourcecode.swift; path = "SupportRecord+CoreDataProperties.swift"; sourceTree = "<group>"; };
		5B82CAD11DC912CB003930FB /* PendingTask+CoreDataClass.swift */ = {isa = PBXFileReference; fileEncoding = 4; lastKnownFileType = sourcecode.swift; path = "PendingTask+CoreDataClass.swift"; sourceTree = "<group>"; };
		5B82CAD21DC912CB003930FB /* PendingTask+CoreDataProperties.swift */ = {isa = PBXFileReference; fileEncoding = 4; lastKnownFileType = sourcecode.swift; path = "PendingTask+CoreDataProperties.swift"; sourceTree = "<group>"; };
		5B82CAD51DC9139C003930FB /* PendingTasks.storyboard */ = {isa = PBXFileReference; fileEncoding = 4; lastKnownFileType = file.storyboard; path = PendingTasks.storyboard; sourceTree = "<group>"; };
		5B82CAD71DC91527003930FB /* TaskTableViewCell.swift */ = {isa = PBXFileReference; fileEncoding = 4; lastKnownFileType = sourcecode.swift; path = TaskTableViewCell.swift; sourceTree = "<group>"; };
		5B82CAD91DC918C1003930FB /* PendingTasksTableViewController.swift */ = {isa = PBXFileReference; fileEncoding = 4; lastKnownFileType = sourcecode.swift; path = PendingTasksTableViewController.swift; sourceTree = "<group>"; };
		5B88A4E71DEB464800CDD946 /* BLE.swift */ = {isa = PBXFileReference; fileEncoding = 4; lastKnownFileType = sourcecode.swift; path = BLE.swift; sourceTree = "<group>"; };
		5BA780751E1578FF00DAA367 /* AsthmaJournal.storyboard */ = {isa = PBXFileReference; fileEncoding = 4; lastKnownFileType = file.storyboard; path = AsthmaJournal.storyboard; sourceTree = "<group>"; };
		5BA780771E157BAA00DAA367 /* AsthmaJournalTableViewController.swift */ = {isa = PBXFileReference; fileEncoding = 4; lastKnownFileType = sourcecode.swift; path = AsthmaJournalTableViewController.swift; sourceTree = "<group>"; };
		5BA7807B1E157C4E00DAA367 /* BreathRecordTableViewCell.swift */ = {isa = PBXFileReference; fileEncoding = 4; lastKnownFileType = sourcecode.swift; name = BreathRecordTableViewCell.swift; path = ../BreathRecordTableViewCell.swift; sourceTree = "<group>"; };
		5BAF07BE1DB11C1B00AF2FD0 /* Pulmonis.app */ = {isa = PBXFileReference; explicitFileType = wrapper.application; includeInIndex = 0; path = Pulmonis.app; sourceTree = BUILT_PRODUCTS_DIR; };
		5BAF07C11DB11C1B00AF2FD0 /* AppDelegate.swift */ = {isa = PBXFileReference; lastKnownFileType = sourcecode.swift; path = AppDelegate.swift; sourceTree = "<group>"; };
		5BAF07C31DB11C1B00AF2FD0 /* ViewController.swift */ = {isa = PBXFileReference; lastKnownFileType = sourcecode.swift; path = ViewController.swift; sourceTree = "<group>"; };
		5BAF07C61DB11C1B00AF2FD0 /* Base */ = {isa = PBXFileReference; lastKnownFileType = file.storyboard; name = Base; path = Base.lproj/Emergency.storyboard; sourceTree = "<group>"; };
		5BAF07C81DB11C1B00AF2FD0 /* Assets.xcassets */ = {isa = PBXFileReference; lastKnownFileType = folder.assetcatalog; path = Assets.xcassets; sourceTree = "<group>"; };
		5BAF07CB1DB11C1B00AF2FD0 /* Base */ = {isa = PBXFileReference; lastKnownFileType = file.storyboard; name = Base; path = Base.lproj/LaunchScreen.storyboard; sourceTree = "<group>"; };
		5BAF07CD1DB11C1B00AF2FD0 /* Info.plist */ = {isa = PBXFileReference; lastKnownFileType = text.plist.xml; path = Info.plist; sourceTree = "<group>"; };
		5BAF07D21DB11C1B00AF2FD0 /* PulmonisTests.xctest */ = {isa = PBXFileReference; explicitFileType = wrapper.cfbundle; includeInIndex = 0; path = PulmonisTests.xctest; sourceTree = BUILT_PRODUCTS_DIR; };
		5BAF07D61DB11C1B00AF2FD0 /* PulmonisTests.swift */ = {isa = PBXFileReference; lastKnownFileType = sourcecode.swift; path = PulmonisTests.swift; sourceTree = "<group>"; };
		5BAF07D81DB11C1B00AF2FD0 /* Info.plist */ = {isa = PBXFileReference; lastKnownFileType = text.plist.xml; path = Info.plist; sourceTree = "<group>"; };
		5BAF07DD1DB11C1B00AF2FD0 /* PulmonisUITests.xctest */ = {isa = PBXFileReference; explicitFileType = wrapper.cfbundle; includeInIndex = 0; path = PulmonisUITests.xctest; sourceTree = BUILT_PRODUCTS_DIR; };
		5BAF07E11DB11C1B00AF2FD0 /* PulmonisUITests.swift */ = {isa = PBXFileReference; lastKnownFileType = sourcecode.swift; path = PulmonisUITests.swift; sourceTree = "<group>"; };
		5BAF07E31DB11C1B00AF2FD0 /* Info.plist */ = {isa = PBXFileReference; lastKnownFileType = text.plist.xml; path = Info.plist; sourceTree = "<group>"; };
		5BB1A3591E3DF8DF00600134 /* PEF_Graph.png */ = {isa = PBXFileReference; lastKnownFileType = image.png; path = PEF_Graph.png; sourceTree = "<group>"; };
		5BB1A35B1E3DF8F100600134 /* Push_Notifications.png */ = {isa = PBXFileReference; lastKnownFileType = image.png; path = Push_Notifications.png; sourceTree = "<group>"; };
		5BB1A35D1E3DF90500600134 /* Well_Done.png */ = {isa = PBXFileReference; lastKnownFileType = image.png; path = Well_Done.png; sourceTree = "<group>"; };
		5BB1A35F1E3DF91400600134 /* Worse.png */ = {isa = PBXFileReference; lastKnownFileType = image.png; path = Worse.png; sourceTree = "<group>"; };
		5BB1A3611E3DF92700600134 /* Critical.png */ = {isa = PBXFileReference; lastKnownFileType = image.png; path = Critical.png; sourceTree = "<group>"; };
		5BB1A3631E3DF93000600134 /* Reminders_Settings.png */ = {isa = PBXFileReference; lastKnownFileType = image.png; path = Reminders_Settings.png; sourceTree = "<group>"; };
		5BB1A3671E3DF96000600134 /* PEF_Recorded.png */ = {isa = PBXFileReference; lastKnownFileType = image.png; path = PEF_Recorded.png; sourceTree = "<group>"; };
		5BB1A3691E3DF96900600134 /* HealthKit_1.png */ = {isa = PBXFileReference; lastKnownFileType = image.png; path = HealthKit_1.png; sourceTree = "<group>"; };
		5BB1A36B1E3DF97200600134 /* HealthKit_2.png */ = {isa = PBXFileReference; lastKnownFileType = image.png; path = HealthKit_2.png; sourceTree = "<group>"; };
		5BB1A36D1E3DF97600600134 /* HealthKit_3.png */ = {isa = PBXFileReference; lastKnownFileType = image.png; path = HealthKit_3.png; sourceTree = "<group>"; };
		5BB1A36F1E3DF97C00600134 /* Main.png */ = {isa = PBXFileReference; lastKnownFileType = image.png; path = Main.png; sourceTree = "<group>"; };
		5BB1A3711E3DF98100600134 /* Pending_Tasks.png */ = {isa = PBXFileReference; lastKnownFileType = image.png; path = Pending_Tasks.png; sourceTree = "<group>"; };
		5BB1A3731E3DF98900600134 /* Pending_Tasks_Delete.png */ = {isa = PBXFileReference; lastKnownFileType = image.png; path = Pending_Tasks_Delete.png; sourceTree = "<group>"; };
		5BB1A3771E3DF99500600134 /* Green.png */ = {isa = PBXFileReference; lastKnownFileType = image.png; path = Green.png; sourceTree = "<group>"; };
		5BB1A3791E3DF99D00600134 /* Yellow.png */ = {isa = PBXFileReference; lastKnownFileType = image.png; path = Yellow.png; sourceTree = "<group>"; };
		5BB1A37B1E3DF9A200600134 /* Red.png */ = {isa = PBXFileReference; lastKnownFileType = image.png; path = Red.png; sourceTree = "<group>"; };
		5BB1A37D1E3DF9AA00600134 /* Met_Data.png */ = {isa = PBXFileReference; lastKnownFileType = image.png; path = Met_Data.png; sourceTree = "<group>"; };
		5BB493901E0F2BB600C09719 /* Yellow7ViewController.swift */ = {isa = PBXFileReference; fileEncoding = 4; lastKnownFileType = sourcecode.swift; path = Yellow7ViewController.swift; sourceTree = "<group>"; };
		5BB9E4411E13FFB800B5892A /* RemindersTableViewController.swift */ = {isa = PBXFileReference; fileEncoding = 4; lastKnownFileType = sourcecode.swift; path = RemindersTableViewController.swift; sourceTree = "<group>"; };
		5BB9E44B1E1441C800B5892A /* SettingsTableViewController.swift */ = {isa = PBXFileReference; fileEncoding = 4; lastKnownFileType = sourcecode.swift; path = SettingsTableViewController.swift; sourceTree = "<group>"; };
		5BC2CD3B1E0F340600FBDEC9 /* HealthKit.storyboard */ = {isa = PBXFileReference; fileEncoding = 4; lastKnownFileType = file.storyboard; path = HealthKit.storyboard; sourceTree = "<group>"; };
		5BC2CD3F1E0F343300FBDEC9 /* HealthKitViewController.swift */ = {isa = PBXFileReference; fileEncoding = 4; lastKnownFileType = sourcecode.swift; path = HealthKitViewController.swift; sourceTree = "<group>"; };
		5BC2CD411E0F34DA00FBDEC9 /* Pulmonis.entitlements */ = {isa = PBXFileReference; lastKnownFileType = text.plist.entitlements; path = Pulmonis.entitlements; sourceTree = "<group>"; };
		5BC2CD471E0FD3E700FBDEC9 /* HealthKit.framework */ = {isa = PBXFileReference; lastKnownFileType = wrapper.framework; name = HealthKit.framework; path = System/Library/Frameworks/HealthKit.framework; sourceTree = SDKROOT; };
		5BC5360E1DB6761C00231A50 /* LiberationSans-Bold.ttf */ = {isa = PBXFileReference; lastKnownFileType = file; path = "LiberationSans-Bold.ttf"; sourceTree = "<group>"; };
		5BC536121DB6762A00231A50 /* LiberationSans-BoldItalic.ttf */ = {isa = PBXFileReference; lastKnownFileType = file; path = "LiberationSans-BoldItalic.ttf"; sourceTree = "<group>"; };
		5BC536131DB6762A00231A50 /* LiberationSans-Italic.ttf */ = {isa = PBXFileReference; lastKnownFileType = file; path = "LiberationSans-Italic.ttf"; sourceTree = "<group>"; };
		5BC536141DB6762A00231A50 /* LiberationSans-Regular.ttf */ = {isa = PBXFileReference; lastKnownFileType = file; path = "LiberationSans-Regular.ttf"; sourceTree = "<group>"; };
		5BC91B931E0D7F1E002D0879 /* PlotBreathGraphViewController.swift */ = {isa = PBXFileReference; fileEncoding = 4; lastKnownFileType = sourcecode.swift; path = PlotBreathGraphViewController.swift; sourceTree = "<group>"; };
		5BD2AFAE1E0FF285008FA668 /* HealthKitTests.swift */ = {isa = PBXFileReference; fileEncoding = 4; lastKnownFileType = sourcecode.swift; path = HealthKitTests.swift; sourceTree = "<group>"; };
		5BD2AFB21E11D010008FA668 /* Well.storyboard */ = {isa = PBXFileReference; fileEncoding = 4; lastKnownFileType = file.storyboard; path = Well.storyboard; sourceTree = "<group>"; };
		5BD2AFB61E11D028008FA668 /* Worse.storyboard */ = {isa = PBXFileReference; fileEncoding = 4; lastKnownFileType = file.storyboard; path = Worse.storyboard; sourceTree = "<group>"; };
		5BD2AFB81E11D036008FA668 /* Critical.storyboard */ = {isa = PBXFileReference; fileEncoding = 4; lastKnownFileType = file.storyboard; path = Critical.storyboard; sourceTree = "<group>"; };
		5BE313141E1290D50094C7EF /* PushNotifications.storyboard */ = {isa = PBXFileReference; fileEncoding = 4; lastKnownFileType = file.storyboard; path = PushNotifications.storyboard; sourceTree = "<group>"; };
		5BE3131A1E1295CE0094C7EF /* PushNotificationsViewController.swift */ = {isa = PBXFileReference; fileEncoding = 4; lastKnownFileType = sourcecode.swift; path = PushNotificationsViewController.swift; sourceTree = "<group>"; };
		5BFFCB0E1E1DC0AF001AE48A /* DateExtensions.swift */ = {isa = PBXFileReference; fileEncoding = 4; lastKnownFileType = sourcecode.swift; path = DateExtensions.swift; sourceTree = "<group>"; };
		5BFFCB141E1DCB9C001AE48A /* KeyboardExtensions.swift */ = {isa = PBXFileReference; fileEncoding = 4; lastKnownFileType = sourcecode.swift; path = KeyboardExtensions.swift; sourceTree = "<group>"; };
		5BFFCB181E1DCBD4001AE48A /* ApplicationExtensions.swift */ = {isa = PBXFileReference; fileEncoding = 4; lastKnownFileType = sourcecode.swift; path = ApplicationExtensions.swift; sourceTree = "<group>"; };
		71987C5A1DB678B300248AE1 /* EmergencyViewController.swift */ = {isa = PBXFileReference; fileEncoding = 4; lastKnownFileType = sourcecode.swift; path = EmergencyViewController.swift; sourceTree = "<group>"; };
		719D0C7E1DBA2E66008F5F97 /* Base */ = {isa = PBXFileReference; lastKnownFileType = file.storyboard; name = Base; path = Pulmonis/Base.lproj/Main.storyboard; sourceTree = "<group>"; };
/* End PBXFileReference section */

/* Begin PBXFrameworksBuildPhase section */
		5BAF07BB1DB11C1B00AF2FD0 /* Frameworks */ = {
			isa = PBXFrameworksBuildPhase;
			buildActionMask = 2147483647;
			files = (
				2EAAC7D31E0D5A8200BE9B77 /* Charts.framework in Frameworks */,
				5BC2CD481E0FD3E700FBDEC9 /* HealthKit.framework in Frameworks */,
			);
			runOnlyForDeploymentPostprocessing = 0;
		};
		5BAF07CF1DB11C1B00AF2FD0 /* Frameworks */ = {
			isa = PBXFrameworksBuildPhase;
			buildActionMask = 2147483647;
			files = (
			);
			runOnlyForDeploymentPostprocessing = 0;
		};
		5BAF07DA1DB11C1B00AF2FD0 /* Frameworks */ = {
			isa = PBXFrameworksBuildPhase;
			buildActionMask = 2147483647;
			files = (
			);
			runOnlyForDeploymentPostprocessing = 0;
		};
/* End PBXFrameworksBuildPhase section */

/* Begin PBXGroup section */
		2E572E8F1E17E93700C9D1F9 /* Meteorological */ = {
			isa = PBXGroup;
			children = (
				2E572E921E17EA3E00C9D1F9 /* PollenChart.storyboard */,
				2E572E941E17EB2000C9D1F9 /* PollenChartViewController.swift */,
				2E572E961E17EB6D00C9D1F9 /* PollenGETRequests.swift */,
			);
			name = Meteorological;
			sourceTree = "<group>";
		};
		2EAAC7C51E0D599600BE9B77 /* Plotting */ = {
			isa = PBXGroup;
			children = (
				5BC91B931E0D7F1E002D0879 /* PlotBreathGraphViewController.swift */,
				5B3A1DBC1E0D7A76009800B8 /* PlotBreathGraph.storyboard */,
				5B5138E91E1AFA1A00260638 /* CheckAsthmaStatusViewController.swift */,
			);
			name = Plotting;
			sourceTree = "<group>";
		};
		2EAAC7C81E0D5A6300BE9B77 /* Products */ = {
			isa = PBXGroup;
			children = (
				2EAAC7CE1E0D5A6300BE9B77 /* Charts.framework */,
				2EAAC7D01E0D5A6300BE9B77 /* ChartsRealm.framework */,
				2EAAC7D21E0D5A6300BE9B77 /* ChartsTests.xctest */,
			);
			name = Products;
			sourceTree = "<group>";
		};
		5B1CABAD1E1C004E00DF8E7E /* Extensions */ = {
			isa = PBXGroup;
			children = (
				5B1CABAB1E1C004800DF8E7E /* StringExtensions.swift */,
				5BFFCB0E1E1DC0AF001AE48A /* DateExtensions.swift */,
				5BFFCB141E1DCB9C001AE48A /* KeyboardExtensions.swift */,
				5BFFCB181E1DCBD4001AE48A /* ApplicationExtensions.swift */,
			);
			name = Extensions;
			sourceTree = "<group>";
		};
		5B1E3B811E0AAB9B00901EF9 /* Database Files */ = {
			isa = PBXGroup;
			children = (
				5B82CAB81DC8CA85003930FB /* PeakFlowModel.xcdatamodeld */,
				5B82CAD11DC912CB003930FB /* PendingTask+CoreDataClass.swift */,
				5B82CAD21DC912CB003930FB /* PendingTask+CoreDataProperties.swift */,
				5B82CAC11DC8EE07003930FB /* SupportRecord+CoreDataClass.swift */,
				5B82CAC21DC8EE07003930FB /* SupportRecord+CoreDataProperties.swift */,
				5B82CABB1DC8CAF1003930FB /* PeakFlowTable+CoreDataClass.swift */,
				5B82CABC1DC8CAF1003930FB /* PeakFlowTable+CoreDataProperties.swift */,
			);
			name = "Database Files";
			sourceTree = "<group>";
		};
		5B1E3B831E0AAD9600901EF9 /* Miscellaneous */ = {
			isa = PBXGroup;
			children = (
				5BA780731E15744300DAA367 /* Push Notifications and Reminders */,
				5BA780741E15747D00DAA367 /* Pending Tasks */,
				5B4AA8911E158AAA00F162AF /* Asthma Journal */,
				5B6B434E1DC38E770071AC66 /* Learn.storyboard */,
				5BAF07C51DB11C1B00AF2FD0 /* Emergency.storyboard */,
				28CC5CAB1DC77625009A7BE9 /* Settings.storyboard */,
				5BC2CD3B1E0F340600FBDEC9 /* HealthKit.storyboard */,
				5B6B43501DC38F6A0071AC66 /* Statistics.storyboard */,
				5BB9E44B1E1441C800B5892A /* SettingsTableViewController.swift */,
				5BC2CD3F1E0F343300FBDEC9 /* HealthKitViewController.swift */,
				28E4862F1DB672A500C3C87E /* StatsStartViewController.swift */,
				71987C5A1DB678B300248AE1 /* EmergencyViewController.swift */,
				5B0DEF791DB8F1FC006ECFCE /* LearnTableViewController.swift */,
			);
			name = Miscellaneous;
			sourceTree = "<group>";
		};
		5B1E3B841E0AB1EA00901EF9 /* Yellow Section */ = {
			isa = PBXGroup;
			children = (
				28A336D11DDB58D6005D8626 /* Yellow1ViewController.swift */,
				28A336D31DDB58E0005D8626 /* Yellow2ViewController.swift */,
				28A336D51DDB58E7005D8626 /* Yellow3ViewController.swift */,
				28A336D71DDB58EE005D8626 /* Yellow4ViewController.swift */,
				28A336D91DDB58F4005D8626 /* Yellow5ViewController.swift */,
				28A336DB1DDB58FF005D8626 /* Yellow6ViewController.swift */,
				5BB493901E0F2BB600C09719 /* Yellow7ViewController.swift */,
			);
			name = "Yellow Section";
			sourceTree = "<group>";
		};
		5B1E3B851E0AB1F400901EF9 /* Red Section */ = {
			isa = PBXGroup;
			children = (
				28A336DD1DDB590B005D8626 /* Red1ViewController.swift */,
				28A336DF1DDB5912005D8626 /* Red2ViewController.swift */,
			);
			name = "Red Section";
			sourceTree = "<group>";
		};
		5B1E3B861E0AB20200901EF9 /* Green Section */ = {
			isa = PBXGroup;
			children = (
				28A336C51DDB582C005D8626 /* Green1ViewController.swift */,
				28A336C71DDB5850005D8626 /* Green2ViewController.swift */,
				28A336C91DDB585C005D8626 /* Green3ViewController.swift */,
				28A336CB1DDB586C005D8626 /* Green4ViewController.swift */,
				28A336CD1DDB5877005D8626 /* Green5ViewController.swift */,
				28A336CF1DDB5881005D8626 /* Green6ViewController.swift */,
			);
			name = "Green Section";
			sourceTree = "<group>";
		};
		5B1E3B871E0AB23200901EF9 /* Doctor Input */ = {
			isa = PBXGroup;
			children = (
				2805519F1DDB6262001E99C6 /* DoctorInput.storyboard */,
				28A53A851DDDF64A00595F80 /* ColourFile.swift */,
				28A6D0D01DCB552A003B9CDC /* ListedViewController.swift */,
				28A53A871DDDFC7100595F80 /* PatientDataFields.swift */,
				28787E111DDB6B38000439AD /* PatientData.plist */,
				5B1E3B841E0AB1EA00901EF9 /* Yellow Section */,
				5B1E3B851E0AB1F400901EF9 /* Red Section */,
				5B1E3B861E0AB20200901EF9 /* Green Section */,
			);
			name = "Doctor Input";
			sourceTree = "<group>";
		};
		5B1E3B881E0AB34B00901EF9 /* Action Plan */ = {
			isa = PBXGroup;
			children = (
				5B6B43521DC390400071AC66 /* ActionPlan.storyboard */,
				5BD2AFB21E11D010008FA668 /* Well.storyboard */,
				5BD2AFB61E11D028008FA668 /* Worse.storyboard */,
				5BD2AFB81E11D036008FA668 /* Critical.storyboard */,
				5B4AA8991E15BA6900F162AF /* WorsePopoverViewController.swift */,
				5B1C00561E13CFE900C1F3D8 /* CriticalViewController.swift */,
				5B1C00521E13CBC000C1F3D8 /* WellViewController.swift */,
				2899A93F1DB519D6004306DF /* MedicineViewController.swift */,
				5B88A4E71DEB464800CDD946 /* BLE.swift */,
				5B82CABF1DC8ECE4003930FB /* SupportViewController.swift */,
				5B82CA951DC8C14B003930FB /* PeakFlowViewController.swift */,
				5B1CABB91E1C6F5F00DF8E7E /* call_button.png */,
				5B1CABBD1E1C70BD00DF8E7E /* Pill.png */,
				5B4A8A3B1E2E38AD00E92623 /* ArduinoPEFBluetooth.c */,
			);
			name = "Action Plan";
			sourceTree = "<group>";
		};
		5B4AA8911E158AAA00F162AF /* Asthma Journal */ = {
			isa = PBXGroup;
			children = (
				5BA780751E1578FF00DAA367 /* AsthmaJournal.storyboard */,
				5BA780771E157BAA00DAA367 /* AsthmaJournalTableViewController.swift */,
				5BA7807B1E157C4E00DAA367 /* BreathRecordTableViewCell.swift */,
			);
			name = "Asthma Journal";
			sourceTree = "<group>";
		};
		5BA780731E15744300DAA367 /* Push Notifications and Reminders */ = {
			isa = PBXGroup;
			children = (
				5BB9E4411E13FFB800B5892A /* RemindersTableViewController.swift */,
				5B1CABA71E1BF19700DF8E7E /* ReminderTableViewCell.swift */,
				5BE3131A1E1295CE0094C7EF /* PushNotificationsViewController.swift */,
				5BE313141E1290D50094C7EF /* PushNotifications.storyboard */,
				28FEC5671E158DE50040EA96 /* Reminders.plist */,
				5B1CABB21E1C210400DF8E7E /* PushNotificationCenter.swift */,
			);
			name = "Push Notifications and Reminders";
			sourceTree = "<group>";
		};
		5BA780741E15747D00DAA367 /* Pending Tasks */ = {
			isa = PBXGroup;
			children = (
				5B82CAD51DC9139C003930FB /* PendingTasks.storyboard */,
				5B82CAD91DC918C1003930FB /* PendingTasksTableViewController.swift */,
				5B82CAD71DC91527003930FB /* TaskTableViewCell.swift */,
			);
			name = "Pending Tasks";
			sourceTree = "<group>";
		};
		5BAF07B51DB11C1B00AF2FD0 = {
			isa = PBXGroup;
			children = (
				2E1958541E27DF820050B34C /* Emergency1ViewController.swift */,
				2EAAC7C71E0D5A6300BE9B77 /* Charts.xcodeproj */,
				5BB1A3561E3DF8C700600134 /* MockupImages */,
				5BC5360D1DB675AD00231A50 /* Resources */,
				5BAF07C01DB11C1B00AF2FD0 /* Pulmonis */,
				5BAF07D51DB11C1B00AF2FD0 /* PulmonisTests */,
				5BAF07E01DB11C1B00AF2FD0 /* PulmonisUITests */,
				5BAF07BF1DB11C1B00AF2FD0 /* Products */,
				5BC2CD421E0F34DA00FBDEC9 /* Frameworks */,
			);
			sourceTree = "<group>";
		};
		5BAF07BF1DB11C1B00AF2FD0 /* Products */ = {
			isa = PBXGroup;
			children = (
				5BAF07BE1DB11C1B00AF2FD0 /* Pulmonis.app */,
				5BAF07D21DB11C1B00AF2FD0 /* PulmonisTests.xctest */,
				5BAF07DD1DB11C1B00AF2FD0 /* PulmonisUITests.xctest */,
			);
			name = Products;
			sourceTree = "<group>";
		};
		5BAF07C01DB11C1B00AF2FD0 /* Pulmonis */ = {
			isa = PBXGroup;
			children = (
				2E572E8F1E17E93700C9D1F9 /* Meteorological */,
				5BC2CD411E0F34DA00FBDEC9 /* Pulmonis.entitlements */,
				2EAAC7C51E0D599600BE9B77 /* Plotting */,
				5B1E3B811E0AAB9B00901EF9 /* Database Files */,
				5B1E3B831E0AAD9600901EF9 /* Miscellaneous */,
				5B1E3B881E0AB34B00901EF9 /* Action Plan */,
				5B1E3B871E0AB23200901EF9 /* Doctor Input */,
				5BAF07CA1DB11C1B00AF2FD0 /* LaunchScreen.storyboard */,
				719D0C7D1DBA2E66008F5F97 /* Main.storyboard */,
				2834399D1DC2195900857437 /* Plist.swift */,
				5BAF07C11DB11C1B00AF2FD0 /* AppDelegate.swift */,
				5BAF07C31DB11C1B00AF2FD0 /* ViewController.swift */,
				5BAF07C81DB11C1B00AF2FD0 /* Assets.xcassets */,
				5BAF07CD1DB11C1B00AF2FD0 /* Info.plist */,
				5B1CABAD1E1C004E00DF8E7E /* Extensions */,
			);
			path = Pulmonis;
			sourceTree = "<group>";
		};
		5BAF07D51DB11C1B00AF2FD0 /* PulmonisTests */ = {
			isa = PBXGroup;
			children = (
				5BAF07D61DB11C1B00AF2FD0 /* PulmonisTests.swift */,
				5B702FE81E0E9FEB0082B649 /* BluetoothUnitTests.swift */,
				5BD2AFAE1E0FF285008FA668 /* HealthKitTests.swift */,
				5BAF07D81DB11C1B00AF2FD0 /* Info.plist */,
				5B1CABAE1E1C01F900DF8E7E /* PushNotificationsTests.swift */,
				2E572EA91E1C46F800C9D1F9 /* PollenForecastTests.swift */,
			);
			path = PulmonisTests;
			sourceTree = "<group>";
		};
		5BAF07E01DB11C1B00AF2FD0 /* PulmonisUITests */ = {
			isa = PBXGroup;
			children = (
				5BAF07E11DB11C1B00AF2FD0 /* PulmonisUITests.swift */,
				5B4DAD361E2032F8003E708D /* PulmonisSupportUITests.swift */,
				5B5138ED1E1B0CF400260638 /* PulmonisPeakFlow.swift */,
				5B7DFE801E12FB7B0057D341 /* PulmonisDoctorInputUITest.swift */,
				5B4AA88D1E15887600F162AF /* PulmonisAsthmaJournalUITests.swift */,
				5BAF07E31DB11C1B00AF2FD0 /* Info.plist */,
			);
			path = PulmonisUITests;
			sourceTree = "<group>";
		};
		5BB1A3561E3DF8C700600134 /* MockupImages */ = {
			isa = PBXGroup;
			children = (
				5BB1A3591E3DF8DF00600134 /* PEF_Graph.png */,
				5BB1A35B1E3DF8F100600134 /* Push_Notifications.png */,
				5BB1A35D1E3DF90500600134 /* Well_Done.png */,
				5BB1A35F1E3DF91400600134 /* Worse.png */,
				5BB1A3611E3DF92700600134 /* Critical.png */,
				5BB1A3631E3DF93000600134 /* Reminders_Settings.png */,
				5BB1A3671E3DF96000600134 /* PEF_Recorded.png */,
				5BB1A3691E3DF96900600134 /* HealthKit_1.png */,
				5BB1A36B1E3DF97200600134 /* HealthKit_2.png */,
				5BB1A36D1E3DF97600600134 /* HealthKit_3.png */,
				5BB1A36F1E3DF97C00600134 /* Main.png */,
				5BB1A3711E3DF98100600134 /* Pending_Tasks.png */,
				5BB1A3731E3DF98900600134 /* Pending_Tasks_Delete.png */,
				5BB1A3771E3DF99500600134 /* Green.png */,
				5BB1A3791E3DF99D00600134 /* Yellow.png */,
				5BB1A37B1E3DF9A200600134 /* Red.png */,
				5BB1A37D1E3DF9AA00600134 /* Met_Data.png */,
			);
			name = MockupImages;
			sourceTree = "<group>";
		};
		5BC2CD421E0F34DA00FBDEC9 /* Frameworks */ = {
			isa = PBXGroup;
			children = (
				5BC2CD471E0FD3E700FBDEC9 /* HealthKit.framework */,
			);
			name = Frameworks;
			sourceTree = "<group>";
		};
		5BC5360D1DB675AD00231A50 /* Resources */ = {
			isa = PBXGroup;
			children = (
				5BC5360E1DB6761C00231A50 /* LiberationSans-Bold.ttf */,
				5BC536121DB6762A00231A50 /* LiberationSans-BoldItalic.ttf */,
				5BC536131DB6762A00231A50 /* LiberationSans-Italic.ttf */,
				5BC536141DB6762A00231A50 /* LiberationSans-Regular.ttf */,
			);
			name = Resources;
			sourceTree = "<group>";
		};
/* End PBXGroup section */

/* Begin PBXNativeTarget section */
		5BAF07BD1DB11C1B00AF2FD0 /* Pulmonis */ = {
			isa = PBXNativeTarget;
			buildConfigurationList = 5BAF07E61DB11C1B00AF2FD0 /* Build configuration list for PBXNativeTarget "Pulmonis" */;
			buildPhases = (
				5BAF07BA1DB11C1B00AF2FD0 /* Sources */,
				5BAF07BB1DB11C1B00AF2FD0 /* Frameworks */,
				5BAF07BC1DB11C1B00AF2FD0 /* Resources */,
				2EAAC7D71E0D5A8200BE9B77 /* Embed Frameworks */,
			);
			buildRules = (
			);
			dependencies = (
				2EAAC7D61E0D5A8200BE9B77 /* PBXTargetDependency */,
			);
			name = Pulmonis;
			productName = Pulmonis;
			productReference = 5BAF07BE1DB11C1B00AF2FD0 /* Pulmonis.app */;
			productType = "com.apple.product-type.application";
		};
		5BAF07D11DB11C1B00AF2FD0 /* PulmonisTests */ = {
			isa = PBXNativeTarget;
			buildConfigurationList = 5BAF07E91DB11C1B00AF2FD0 /* Build configuration list for PBXNativeTarget "PulmonisTests" */;
			buildPhases = (
				5BAF07CE1DB11C1B00AF2FD0 /* Sources */,
				5BAF07CF1DB11C1B00AF2FD0 /* Frameworks */,
				5BAF07D01DB11C1B00AF2FD0 /* Resources */,
			);
			buildRules = (
			);
			dependencies = (
				5BAF07D41DB11C1B00AF2FD0 /* PBXTargetDependency */,
			);
			name = PulmonisTests;
			productName = PulmonisTests;
			productReference = 5BAF07D21DB11C1B00AF2FD0 /* PulmonisTests.xctest */;
			productType = "com.apple.product-type.bundle.unit-test";
		};
		5BAF07DC1DB11C1B00AF2FD0 /* PulmonisUITests */ = {
			isa = PBXNativeTarget;
			buildConfigurationList = 5BAF07EC1DB11C1B00AF2FD0 /* Build configuration list for PBXNativeTarget "PulmonisUITests" */;
			buildPhases = (
				5BAF07D91DB11C1B00AF2FD0 /* Sources */,
				5BAF07DA1DB11C1B00AF2FD0 /* Frameworks */,
				5BAF07DB1DB11C1B00AF2FD0 /* Resources */,
			);
			buildRules = (
			);
			dependencies = (
				5BAF07DF1DB11C1B00AF2FD0 /* PBXTargetDependency */,
			);
			name = PulmonisUITests;
			productName = PulmonisUITests;
			productReference = 5BAF07DD1DB11C1B00AF2FD0 /* PulmonisUITests.xctest */;
			productType = "com.apple.product-type.bundle.ui-testing";
		};
/* End PBXNativeTarget section */

/* Begin PBXProject section */
		5BAF07B61DB11C1B00AF2FD0 /* Project object */ = {
			isa = PBXProject;
			attributes = {
				LastSwiftUpdateCheck = 0800;
				LastUpgradeCheck = 0820;
				ORGANIZATIONNAME = "Manivannan Solan";
				TargetAttributes = {
					5BAF07BD1DB11C1B00AF2FD0 = {
						CreatedOnToolsVersion = 8.0;
						DevelopmentTeam = QJQGH9NF7F;
						LastSwiftMigration = 0820;
						ProvisioningStyle = Manual;
						SystemCapabilities = {
							com.apple.HealthKit = {
								enabled = 1;
							};
						};
					};
					5BAF07D11DB11C1B00AF2FD0 = {
						CreatedOnToolsVersion = 8.0;
						DevelopmentTeam = X2YRCXRG35;
						ProvisioningStyle = Automatic;
						TestTargetID = 5BAF07BD1DB11C1B00AF2FD0;
					};
					5BAF07DC1DB11C1B00AF2FD0 = {
						CreatedOnToolsVersion = 8.0;
						DevelopmentTeam = X2YRCXRG35;
						ProvisioningStyle = Automatic;
						TestTargetID = 5BAF07BD1DB11C1B00AF2FD0;
					};
				};
			};
			buildConfigurationList = 5BAF07B91DB11C1B00AF2FD0 /* Build configuration list for PBXProject "Pulmonis" */;
			compatibilityVersion = "Xcode 3.2";
			developmentRegion = English;
			hasScannedForEncodings = 0;
			knownRegions = (
				en,
				Base,
			);
			mainGroup = 5BAF07B51DB11C1B00AF2FD0;
			productRefGroup = 5BAF07BF1DB11C1B00AF2FD0 /* Products */;
			projectDirPath = "";
			projectReferences = (
				{
					ProductGroup = 2EAAC7C81E0D5A6300BE9B77 /* Products */;
					ProjectRef = 2EAAC7C71E0D5A6300BE9B77 /* Charts.xcodeproj */;
				},
			);
			projectRoot = "";
			targets = (
				5BAF07BD1DB11C1B00AF2FD0 /* Pulmonis */,
				5BAF07D11DB11C1B00AF2FD0 /* PulmonisTests */,
				5BAF07DC1DB11C1B00AF2FD0 /* PulmonisUITests */,
			);
		};
/* End PBXProject section */

/* Begin PBXReferenceProxy section */
		2EAAC7CE1E0D5A6300BE9B77 /* Charts.framework */ = {
			isa = PBXReferenceProxy;
			fileType = wrapper.framework;
			path = Charts.framework;
			remoteRef = 2EAAC7CD1E0D5A6300BE9B77 /* PBXContainerItemProxy */;
			sourceTree = BUILT_PRODUCTS_DIR;
		};
		2EAAC7D01E0D5A6300BE9B77 /* ChartsRealm.framework */ = {
			isa = PBXReferenceProxy;
			fileType = wrapper.framework;
			path = ChartsRealm.framework;
			remoteRef = 2EAAC7CF1E0D5A6300BE9B77 /* PBXContainerItemProxy */;
			sourceTree = BUILT_PRODUCTS_DIR;
		};
		2EAAC7D21E0D5A6300BE9B77 /* ChartsTests.xctest */ = {
			isa = PBXReferenceProxy;
			fileType = wrapper.cfbundle;
			path = ChartsTests.xctest;
			remoteRef = 2EAAC7D11E0D5A6300BE9B77 /* PBXContainerItemProxy */;
			sourceTree = BUILT_PRODUCTS_DIR;
		};
/* End PBXReferenceProxy section */

/* Begin PBXResourcesBuildPhase section */
		5BAF07BC1DB11C1B00AF2FD0 /* Resources */ = {
			isa = PBXResourcesBuildPhase;
			buildActionMask = 2147483647;
			files = (
				28FEC5681E158DE50040EA96 /* Reminders.plist in Resources */,
				5B1CABBA1E1C6F5F00DF8E7E /* call_button.png in Resources */,
				5BB1A3741E3DF98900600134 /* Pending_Tasks_Delete.png in Resources */,
				5BC2CD3C1E0F340700FBDEC9 /* HealthKit.storyboard in Resources */,
				5BD2AFB91E11D036008FA668 /* Critical.storyboard in Resources */,
				5BC5361B1DB6762A00231A50 /* LiberationSans-Regular.ttf in Resources */,
				5BD2AFB31E11D010008FA668 /* Well.storyboard in Resources */,
				5BB1A36A1E3DF96900600134 /* HealthKit_1.png in Resources */,
				5B6B43531DC390400071AC66 /* ActionPlan.storyboard in Resources */,
				5B6B434F1DC38E770071AC66 /* Learn.storyboard in Resources */,
				5BE313151E1290D50094C7EF /* PushNotifications.storyboard in Resources */,
				719D0C7F1DBA2E66008F5F97 /* Main.storyboard in Resources */,
				5BB1A3621E3DF92700600134 /* Critical.png in Resources */,
				5BB1A35E1E3DF90500600134 /* Well_Done.png in Resources */,
				5BB1A37C1E3DF9A200600134 /* Red.png in Resources */,
				2E572E931E17EA3E00C9D1F9 /* PollenChart.storyboard in Resources */,
				5BAF07CC1DB11C1B00AF2FD0 /* LaunchScreen.storyboard in Resources */,
				28787E121DDB6B38000439AD /* PatientData.plist in Resources */,
				5BB1A35A1E3DF8DF00600134 /* PEF_Graph.png in Resources */,
				5BB1A37A1E3DF99D00600134 /* Yellow.png in Resources */,
				5BAF07C91DB11C1B00AF2FD0 /* Assets.xcassets in Resources */,
				5B82CAD61DC9139C003930FB /* PendingTasks.storyboard in Resources */,
				5BD2AFB71E11D028008FA668 /* Worse.storyboard in Resources */,
				5B3A1DBD1E0D7A76009800B8 /* PlotBreathGraph.storyboard in Resources */,
				5BB1A3681E3DF96000600134 /* PEF_Recorded.png in Resources */,
				5BA780761E1578FF00DAA367 /* AsthmaJournal.storyboard in Resources */,
				28CC5CAD1DC777E4009A7BE9 /* Emergency.storyboard in Resources */,
				280551A01DDB6262001E99C6 /* DoctorInput.storyboard in Resources */,
				5BB1A36C1E3DF97200600134 /* HealthKit_2.png in Resources */,
				5BB1A36E1E3DF97600600134 /* HealthKit_3.png in Resources */,
				5BB1A3781E3DF99500600134 /* Green.png in Resources */,
				28CC5CAC1DC77625009A7BE9 /* Settings.storyboard in Resources */,
				5BB1A35C1E3DF8F100600134 /* Push_Notifications.png in Resources */,
				5BC536151DB6762A00231A50 /* LiberationSans-BoldItalic.ttf in Resources */,
				5B6B43511DC38F6A0071AC66 /* Statistics.storyboard in Resources */,
				5B1CABBE1E1C70BD00DF8E7E /* Pill.png in Resources */,
				5BB1A3701E3DF97C00600134 /* Main.png in Resources */,
				5BB1A3641E3DF93000600134 /* Reminders_Settings.png in Resources */,
				5BB1A37E1E3DF9AA00600134 /* Met_Data.png in Resources */,
				5BC536181DB6762A00231A50 /* LiberationSans-Italic.ttf in Resources */,
				5BB1A3601E3DF91400600134 /* Worse.png in Resources */,
				5BB1A3721E3DF98100600134 /* Pending_Tasks.png in Resources */,
				5BC5360F1DB6761C00231A50 /* LiberationSans-Bold.ttf in Resources */,
			);
			runOnlyForDeploymentPostprocessing = 0;
		};
		5BAF07D01DB11C1B00AF2FD0 /* Resources */ = {
			isa = PBXResourcesBuildPhase;
			buildActionMask = 2147483647;
			files = (
				5BC536101DB6761C00231A50 /* LiberationSans-Bold.ttf in Resources */,
				5BC536191DB6762A00231A50 /* LiberationSans-Italic.ttf in Resources */,
				5BC536161DB6762A00231A50 /* LiberationSans-BoldItalic.ttf in Resources */,
				5BC5361C1DB6762A00231A50 /* LiberationSans-Regular.ttf in Resources */,
			);
			runOnlyForDeploymentPostprocessing = 0;
		};
		5BAF07DB1DB11C1B00AF2FD0 /* Resources */ = {
			isa = PBXResourcesBuildPhase;
			buildActionMask = 2147483647;
			files = (
				5BC536111DB6761C00231A50 /* LiberationSans-Bold.ttf in Resources */,
				5BC5361A1DB6762A00231A50 /* LiberationSans-Italic.ttf in Resources */,
				5BC536171DB6762A00231A50 /* LiberationSans-BoldItalic.ttf in Resources */,
				5BC5361D1DB6762A00231A50 /* LiberationSans-Regular.ttf in Resources */,
			);
			runOnlyForDeploymentPostprocessing = 0;
		};
/* End PBXResourcesBuildPhase section */

/* Begin PBXSourcesBuildPhase section */
		5BAF07BA1DB11C1B00AF2FD0 /* Sources */ = {
			isa = PBXSourcesBuildPhase;
			buildActionMask = 2147483647;
			files = (
				5BB493911E0F2BB600C09719 /* Yellow7ViewController.swift in Sources */,
				2E1958551E27DF820050B34C /* Emergency1ViewController.swift in Sources */,
				5BC91B941E0D7F1E002D0879 /* PlotBreathGraphViewController.swift in Sources */,
				5BA7807C1E157C4E00DAA367 /* BreathRecordTableViewCell.swift in Sources */,
				28A336CA1DDB585C005D8626 /* Green3ViewController.swift in Sources */,
				5B82CADA1DC918C1003930FB /* PendingTasksTableViewController.swift in Sources */,
				5BFFCB0F1E1DC0AF001AE48A /* DateExtensions.swift in Sources */,
				28A53A861DDDF64A00595F80 /* ColourFile.swift in Sources */,
				5B82CABA1DC8CA85003930FB /* PeakFlowModel.xcdatamodeld in Sources */,
				28A336D21DDB58D6005D8626 /* Yellow1ViewController.swift in Sources */,
				5B88A4E81DEB464800CDD946 /* BLE.swift in Sources */,
				5B5138EA1E1AFA1A00260638 /* CheckAsthmaStatusViewController.swift in Sources */,
				28A6D0D11DCB552A003B9CDC /* ListedViewController.swift in Sources */,
				28A336E01DDB5912005D8626 /* Red2ViewController.swift in Sources */,
				28A336DA1DDB58F4005D8626 /* Yellow5ViewController.swift in Sources */,
				28E486301DB672A500C3C87E /* StatsStartViewController.swift in Sources */,
				5B82CAD81DC91527003930FB /* TaskTableViewCell.swift in Sources */,
				5B82CAC01DC8ECE4003930FB /* SupportViewController.swift in Sources */,
				5B1CABA81E1BF19700DF8E7E /* ReminderTableViewCell.swift in Sources */,
				5BFFCB191E1DCBD5001AE48A /* ApplicationExtensions.swift in Sources */,
				28A53A881DDDFC7100595F80 /* PatientDataFields.swift in Sources */,
				2899A9411DB519D6004306DF /* MedicineViewController.swift in Sources */,
				2E572E951E17EB2000C9D1F9 /* PollenChartViewController.swift in Sources */,
				28A336CE1DDB5877005D8626 /* Green5ViewController.swift in Sources */,
				2834399E1DC2195900857437 /* Plist.swift in Sources */,
				5B82CAC41DC8EE07003930FB /* SupportRecord+CoreDataProperties.swift in Sources */,
				5BB9E4421E13FFB800B5892A /* RemindersTableViewController.swift in Sources */,
				5BFFCB151E1DCB9C001AE48A /* KeyboardExtensions.swift in Sources */,
				5B82CAD31DC912CB003930FB /* PendingTask+CoreDataClass.swift in Sources */,
				5B1CABAC1E1C004800DF8E7E /* StringExtensions.swift in Sources */,
				28A336CC1DDB586C005D8626 /* Green4ViewController.swift in Sources */,
				5BAF07C41DB11C1B00AF2FD0 /* ViewController.swift in Sources */,
				5BAF07C21DB11C1B00AF2FD0 /* AppDelegate.swift in Sources */,
				28A336DC1DDB58FF005D8626 /* Yellow6ViewController.swift in Sources */,
				28A336D61DDB58E7005D8626 /* Yellow3ViewController.swift in Sources */,
				28A336D41DDB58E0005D8626 /* Yellow2ViewController.swift in Sources */,
				28A336DE1DDB590B005D8626 /* Red1ViewController.swift in Sources */,
				2E572E971E17EB6D00C9D1F9 /* PollenGETRequests.swift in Sources */,
				28A336C61DDB582C005D8626 /* Green1ViewController.swift in Sources */,
				5B1CABB31E1C210400DF8E7E /* PushNotificationCenter.swift in Sources */,
				28A336D81DDB58EE005D8626 /* Yellow4ViewController.swift in Sources */,
				5BE3131B1E1295CE0094C7EF /* PushNotificationsViewController.swift in Sources */,
				28A336C81DDB5850005D8626 /* Green2ViewController.swift in Sources */,
				5BC2CD401E0F343300FBDEC9 /* HealthKitViewController.swift in Sources */,
				5B0DEF7A1DB8F1FC006ECFCE /* LearnTableViewController.swift in Sources */,
				5BA780781E157BAA00DAA367 /* AsthmaJournalTableViewController.swift in Sources */,
				5B82CAD41DC912CB003930FB /* PendingTask+CoreDataProperties.swift in Sources */,
				5B1C00531E13CBC000C1F3D8 /* WellViewController.swift in Sources */,
				5B1C00571E13CFE900C1F3D8 /* CriticalViewController.swift in Sources */,
				71987C5B1DB678B300248AE1 /* EmergencyViewController.swift in Sources */,
				5B4AA89A1E15BA6900F162AF /* WorsePopoverViewController.swift in Sources */,
				5B82CAC31DC8EE07003930FB /* SupportRecord+CoreDataClass.swift in Sources */,
				5B82CABE1DC8CAF1003930FB /* PeakFlowTable+CoreDataProperties.swift in Sources */,
				5BB9E44C1E1441C800B5892A /* SettingsTableViewController.swift in Sources */,
				5B82CABD1DC8CAF1003930FB /* PeakFlowTable+CoreDataClass.swift in Sources */,
				5B4A8A3C1E2E38AD00E92623 /* ArduinoPEFBluetooth.c in Sources */,
				5B82CA961DC8C14B003930FB /* PeakFlowViewController.swift in Sources */,
				28A336D01DDB5881005D8626 /* Green6ViewController.swift in Sources */,
			);
			runOnlyForDeploymentPostprocessing = 0;
		};
		5BAF07CE1DB11C1B00AF2FD0 /* Sources */ = {
			isa = PBXSourcesBuildPhase;
			buildActionMask = 2147483647;
			files = (
				2E572EAA1E1C46F800C9D1F9 /* PollenForecastTests.swift in Sources */,
				5B1CABAF1E1C01F900DF8E7E /* PushNotificationsTests.swift in Sources */,
				5BD2AFAF1E0FF285008FA668 /* HealthKitTests.swift in Sources */,
				5B702FE91E0E9FEB0082B649 /* BluetoothUnitTests.swift in Sources */,
				5BAF07D71DB11C1B00AF2FD0 /* PulmonisTests.swift in Sources */,
			);
			runOnlyForDeploymentPostprocessing = 0;
		};
		5BAF07D91DB11C1B00AF2FD0 /* Sources */ = {
			isa = PBXSourcesBuildPhase;
			buildActionMask = 2147483647;
			files = (
				5B7DFE811E12FB7B0057D341 /* PulmonisDoctorInputUITest.swift in Sources */,
				5B5138EE1E1B0CF400260638 /* PulmonisPeakFlow.swift in Sources */,
				5B4DAD371E2032F8003E708D /* PulmonisSupportUITests.swift in Sources */,
				5BAF07E21DB11C1B00AF2FD0 /* PulmonisUITests.swift in Sources */,
				5B4AA88E1E15887600F162AF /* PulmonisAsthmaJournalUITests.swift in Sources */,
			);
			runOnlyForDeploymentPostprocessing = 0;
		};
/* End PBXSourcesBuildPhase section */

/* Begin PBXTargetDependency section */
		2EAAC7D61E0D5A8200BE9B77 /* PBXTargetDependency */ = {
			isa = PBXTargetDependency;
			name = Charts;
			targetProxy = 2EAAC7D51E0D5A8200BE9B77 /* PBXContainerItemProxy */;
		};
		5BAF07D41DB11C1B00AF2FD0 /* PBXTargetDependency */ = {
			isa = PBXTargetDependency;
			target = 5BAF07BD1DB11C1B00AF2FD0 /* Pulmonis */;
			targetProxy = 5BAF07D31DB11C1B00AF2FD0 /* PBXContainerItemProxy */;
		};
		5BAF07DF1DB11C1B00AF2FD0 /* PBXTargetDependency */ = {
			isa = PBXTargetDependency;
			target = 5BAF07BD1DB11C1B00AF2FD0 /* Pulmonis */;
			targetProxy = 5BAF07DE1DB11C1B00AF2FD0 /* PBXContainerItemProxy */;
		};
/* End PBXTargetDependency section */

/* Begin PBXVariantGroup section */
		5BAF07C51DB11C1B00AF2FD0 /* Emergency.storyboard */ = {
			isa = PBXVariantGroup;
			children = (
				5BAF07C61DB11C1B00AF2FD0 /* Base */,
			);
			name = Emergency.storyboard;
			sourceTree = "<group>";
		};
		5BAF07CA1DB11C1B00AF2FD0 /* LaunchScreen.storyboard */ = {
			isa = PBXVariantGroup;
			children = (
				5BAF07CB1DB11C1B00AF2FD0 /* Base */,
			);
			name = LaunchScreen.storyboard;
			sourceTree = "<group>";
		};
		719D0C7D1DBA2E66008F5F97 /* Main.storyboard */ = {
			isa = PBXVariantGroup;
			children = (
				719D0C7E1DBA2E66008F5F97 /* Base */,
			);
			name = Main.storyboard;
			path = ..;
			sourceTree = "<group>";
		};
/* End PBXVariantGroup section */

/* Begin XCBuildConfiguration section */
		5BAF07E41DB11C1B00AF2FD0 /* Debug */ = {
			isa = XCBuildConfiguration;
			buildSettings = {
				ALWAYS_SEARCH_USER_PATHS = NO;
				CLANG_ANALYZER_NONNULL = YES;
				CLANG_CXX_LANGUAGE_STANDARD = "gnu++0x";
				CLANG_CXX_LIBRARY = "libc++";
				CLANG_ENABLE_MODULES = YES;
				CLANG_ENABLE_OBJC_ARC = YES;
				CLANG_WARN_BOOL_CONVERSION = YES;
				CLANG_WARN_CONSTANT_CONVERSION = YES;
				CLANG_WARN_DIRECT_OBJC_ISA_USAGE = YES_ERROR;
				CLANG_WARN_DOCUMENTATION_COMMENTS = YES;
				CLANG_WARN_EMPTY_BODY = YES;
				CLANG_WARN_ENUM_CONVERSION = YES;
				CLANG_WARN_INFINITE_RECURSION = YES;
				CLANG_WARN_INT_CONVERSION = YES;
				CLANG_WARN_OBJC_ROOT_CLASS = YES_ERROR;
				CLANG_WARN_SUSPICIOUS_MOVE = YES;
				CLANG_WARN_SUSPICIOUS_MOVES = YES;
				CLANG_WARN_UNREACHABLE_CODE = YES;
				CLANG_WARN__DUPLICATE_METHOD_MATCH = YES;
				"CODE_SIGN_IDENTITY[sdk=iphoneos*]" = "iPhone Developer";
				COPY_PHASE_STRIP = NO;
				DEBUG_INFORMATION_FORMAT = dwarf;
				ENABLE_STRICT_OBJC_MSGSEND = YES;
				ENABLE_TESTABILITY = YES;
				GCC_C_LANGUAGE_STANDARD = gnu99;
				GCC_DYNAMIC_NO_PIC = NO;
				GCC_NO_COMMON_BLOCKS = YES;
				GCC_OPTIMIZATION_LEVEL = 0;
				GCC_PREPROCESSOR_DEFINITIONS = (
					"DEBUG=1",
					"$(inherited)",
				);
				GCC_WARN_64_TO_32_BIT_CONVERSION = YES;
				GCC_WARN_ABOUT_RETURN_TYPE = YES_ERROR;
				GCC_WARN_UNDECLARED_SELECTOR = YES;
				GCC_WARN_UNINITIALIZED_AUTOS = YES_AGGRESSIVE;
				GCC_WARN_UNUSED_FUNCTION = YES;
				GCC_WARN_UNUSED_VARIABLE = YES;
				IPHONEOS_DEPLOYMENT_TARGET = 10.2;
				MTL_ENABLE_DEBUG_INFO = YES;
				ONLY_ACTIVE_ARCH = YES;
				SDKROOT = iphoneos;
				SWIFT_ACTIVE_COMPILATION_CONDITIONS = DEBUG;
				SWIFT_OPTIMIZATION_LEVEL = "-Onone";
				TARGETED_DEVICE_FAMILY = "1,2";
			};
			name = Debug;
		};
		5BAF07E51DB11C1B00AF2FD0 /* Release */ = {
			isa = XCBuildConfiguration;
			buildSettings = {
				ALWAYS_SEARCH_USER_PATHS = NO;
				CLANG_ANALYZER_NONNULL = YES;
				CLANG_CXX_LANGUAGE_STANDARD = "gnu++0x";
				CLANG_CXX_LIBRARY = "libc++";
				CLANG_ENABLE_MODULES = YES;
				CLANG_ENABLE_OBJC_ARC = YES;
				CLANG_WARN_BOOL_CONVERSION = YES;
				CLANG_WARN_CONSTANT_CONVERSION = YES;
				CLANG_WARN_DIRECT_OBJC_ISA_USAGE = YES_ERROR;
				CLANG_WARN_DOCUMENTATION_COMMENTS = YES;
				CLANG_WARN_EMPTY_BODY = YES;
				CLANG_WARN_ENUM_CONVERSION = YES;
				CLANG_WARN_INFINITE_RECURSION = YES;
				CLANG_WARN_INT_CONVERSION = YES;
				CLANG_WARN_OBJC_ROOT_CLASS = YES_ERROR;
				CLANG_WARN_SUSPICIOUS_MOVE = YES;
				CLANG_WARN_SUSPICIOUS_MOVES = YES;
				CLANG_WARN_UNREACHABLE_CODE = YES;
				CLANG_WARN__DUPLICATE_METHOD_MATCH = YES;
				"CODE_SIGN_IDENTITY[sdk=iphoneos*]" = "iPhone Developer";
				COPY_PHASE_STRIP = NO;
				DEBUG_INFORMATION_FORMAT = "dwarf-with-dsym";
				ENABLE_NS_ASSERTIONS = NO;
				ENABLE_STRICT_OBJC_MSGSEND = YES;
				GCC_C_LANGUAGE_STANDARD = gnu99;
				GCC_NO_COMMON_BLOCKS = YES;
				GCC_WARN_64_TO_32_BIT_CONVERSION = YES;
				GCC_WARN_ABOUT_RETURN_TYPE = YES_ERROR;
				GCC_WARN_UNDECLARED_SELECTOR = YES;
				GCC_WARN_UNINITIALIZED_AUTOS = YES_AGGRESSIVE;
				GCC_WARN_UNUSED_FUNCTION = YES;
				GCC_WARN_UNUSED_VARIABLE = YES;
				IPHONEOS_DEPLOYMENT_TARGET = 10.2;
				MTL_ENABLE_DEBUG_INFO = NO;
				SDKROOT = iphoneos;
				SWIFT_OPTIMIZATION_LEVEL = "-Owholemodule";
				TARGETED_DEVICE_FAMILY = "1,2";
				VALIDATE_PRODUCT = YES;
			};
			name = Release;
		};
		5BAF07E71DB11C1B00AF2FD0 /* Debug */ = {
			isa = XCBuildConfiguration;
			buildSettings = {
				ALWAYS_EMBED_SWIFT_STANDARD_LIBRARIES = YES;
				ASSETCATALOG_COMPILER_APPICON_NAME = AppIcon;
				CLANG_ENABLE_MODULES = YES;
				CODE_SIGN_ENTITLEMENTS = Pulmonis/Pulmonis.entitlements;
				"CODE_SIGN_IDENTITY[sdk=iphoneos*]" = "iPhone Developer";
				DEVELOPMENT_TEAM = QJQGH9NF7F;
				INFOPLIST_FILE = Pulmonis/Info.plist;
				IPHONEOS_DEPLOYMENT_TARGET = 10.2;
				LD_RUNPATH_SEARCH_PATHS = "$(inherited) @executable_path/Frameworks";
				PRODUCT_BUNDLE_IDENTIFIER = uk.ac.imperial.Pulmonis;
				PRODUCT_NAME = "$(TARGET_NAME)";
				PROVISIONING_PROFILE = "36a2b486-9d85-464d-ba9e-32399f3fbfc3";
				PROVISIONING_PROFILE_SPECIFIER = PulmonisApp;
				SWIFT_OPTIMIZATION_LEVEL = "-Onone";
				SWIFT_VERSION = 3.0;
			};
			name = Debug;
		};
		5BAF07E81DB11C1B00AF2FD0 /* Release */ = {
			isa = XCBuildConfiguration;
			buildSettings = {
				ALWAYS_EMBED_SWIFT_STANDARD_LIBRARIES = YES;
				ASSETCATALOG_COMPILER_APPICON_NAME = AppIcon;
				CLANG_ENABLE_MODULES = YES;
				CODE_SIGN_ENTITLEMENTS = Pulmonis/Pulmonis.entitlements;
				"CODE_SIGN_IDENTITY[sdk=iphoneos*]" = "iPhone Developer";
				DEVELOPMENT_TEAM = QJQGH9NF7F;
				INFOPLIST_FILE = Pulmonis/Info.plist;
				IPHONEOS_DEPLOYMENT_TARGET = 10.2;
				LD_RUNPATH_SEARCH_PATHS = "$(inherited) @executable_path/Frameworks";
				PRODUCT_BUNDLE_IDENTIFIER = uk.ac.imperial.Pulmonis;
				PRODUCT_NAME = "$(TARGET_NAME)";
				PROVISIONING_PROFILE = "36a2b486-9d85-464d-ba9e-32399f3fbfc3";
				PROVISIONING_PROFILE_SPECIFIER = PulmonisApp;
				SWIFT_OPTIMIZATION_LEVEL = "-Owholemodule";
				SWIFT_VERSION = 3.0;
			};
			name = Release;
		};
		5BAF07EA1DB11C1B00AF2FD0 /* Debug */ = {
			isa = XCBuildConfiguration;
			buildSettings = {
				ALWAYS_EMBED_SWIFT_STANDARD_LIBRARIES = YES;
				BUNDLE_LOADER = "$(TEST_HOST)";
				DEVELOPMENT_TEAM = X2YRCXRG35;
				INFOPLIST_FILE = PulmonisTests/Info.plist;
				IPHONEOS_DEPLOYMENT_TARGET = 10.2;
				LD_RUNPATH_SEARCH_PATHS = "$(inherited) @executable_path/Frameworks @loader_path/Frameworks";
				PRODUCT_BUNDLE_IDENTIFIER = edu.stanford.msolan.PulmonisTests;
				PRODUCT_NAME = "$(TARGET_NAME)";
				SWIFT_VERSION = 3.0;
				TEST_HOST = "$(BUILT_PRODUCTS_DIR)/Pulmonis.app/Pulmonis";
			};
			name = Debug;
		};
		5BAF07EB1DB11C1B00AF2FD0 /* Release */ = {
			isa = XCBuildConfiguration;
			buildSettings = {
				ALWAYS_EMBED_SWIFT_STANDARD_LIBRARIES = YES;
				BUNDLE_LOADER = "$(TEST_HOST)";
				DEVELOPMENT_TEAM = X2YRCXRG35;
				INFOPLIST_FILE = PulmonisTests/Info.plist;
				IPHONEOS_DEPLOYMENT_TARGET = 10.2;
				LD_RUNPATH_SEARCH_PATHS = "$(inherited) @executable_path/Frameworks @loader_path/Frameworks";
				PRODUCT_BUNDLE_IDENTIFIER = edu.stanford.msolan.PulmonisTests;
				PRODUCT_NAME = "$(TARGET_NAME)";
				SWIFT_VERSION = 3.0;
				TEST_HOST = "$(BUILT_PRODUCTS_DIR)/Pulmonis.app/Pulmonis";
			};
			name = Release;
		};
		5BAF07ED1DB11C1B00AF2FD0 /* Debug */ = {
			isa = XCBuildConfiguration;
			buildSettings = {
				ALWAYS_EMBED_SWIFT_STANDARD_LIBRARIES = YES;
				DEVELOPMENT_TEAM = X2YRCXRG35;
				INFOPLIST_FILE = PulmonisUITests/Info.plist;
				LD_RUNPATH_SEARCH_PATHS = "$(inherited) @executable_path/Frameworks @loader_path/Frameworks";
				PRODUCT_BUNDLE_IDENTIFIER = edu.stanford.msolan.PulmonisUITests;
				PRODUCT_NAME = "$(TARGET_NAME)";
				SWIFT_VERSION = 3.0;
				TEST_TARGET_NAME = Pulmonis;
			};
			name = Debug;
		};
		5BAF07EE1DB11C1B00AF2FD0 /* Release */ = {
			isa = XCBuildConfiguration;
			buildSettings = {
				ALWAYS_EMBED_SWIFT_STANDARD_LIBRARIES = YES;
				DEVELOPMENT_TEAM = X2YRCXRG35;
				INFOPLIST_FILE = PulmonisUITests/Info.plist;
				LD_RUNPATH_SEARCH_PATHS = "$(inherited) @executable_path/Frameworks @loader_path/Frameworks";
				PRODUCT_BUNDLE_IDENTIFIER = edu.stanford.msolan.PulmonisUITests;
				PRODUCT_NAME = "$(TARGET_NAME)";
				SWIFT_VERSION = 3.0;
				TEST_TARGET_NAME = Pulmonis;
			};
			name = Release;
		};
/* End XCBuildConfiguration section */

/* Begin XCConfigurationList section */
		5BAF07B91DB11C1B00AF2FD0 /* Build configuration list for PBXProject "Pulmonis" */ = {
			isa = XCConfigurationList;
			buildConfigurations = (
				5BAF07E41DB11C1B00AF2FD0 /* Debug */,
				5BAF07E51DB11C1B00AF2FD0 /* Release */,
			);
			defaultConfigurationIsVisible = 0;
			defaultConfigurationName = Release;
		};
		5BAF07E61DB11C1B00AF2FD0 /* Build configuration list for PBXNativeTarget "Pulmonis" */ = {
			isa = XCConfigurationList;
			buildConfigurations = (
				5BAF07E71DB11C1B00AF2FD0 /* Debug */,
				5BAF07E81DB11C1B00AF2FD0 /* Release */,
			);
			defaultConfigurationIsVisible = 0;
			defaultConfigurationName = Release;
		};
		5BAF07E91DB11C1B00AF2FD0 /* Build configuration list for PBXNativeTarget "PulmonisTests" */ = {
			isa = XCConfigurationList;
			buildConfigurations = (
				5BAF07EA1DB11C1B00AF2FD0 /* Debug */,
				5BAF07EB1DB11C1B00AF2FD0 /* Release */,
			);
			defaultConfigurationIsVisible = 0;
			defaultConfigurationName = Release;
		};
		5BAF07EC1DB11C1B00AF2FD0 /* Build configuration list for PBXNativeTarget "PulmonisUITests" */ = {
			isa = XCConfigurationList;
			buildConfigurations = (
				5BAF07ED1DB11C1B00AF2FD0 /* Debug */,
				5BAF07EE1DB11C1B00AF2FD0 /* Release */,
			);
			defaultConfigurationIsVisible = 0;
			defaultConfigurationName = Release;
		};
/* End XCConfigurationList section */

/* Begin XCVersionGroup section */
		5B82CAB81DC8CA85003930FB /* PeakFlowModel.xcdatamodeld */ = {
			isa = XCVersionGroup;
			children = (
				5B82CAB91DC8CA85003930FB /* PeakFlowModel.xcdatamodel */,
			);
			currentVersion = 5B82CAB91DC8CA85003930FB /* PeakFlowModel.xcdatamodel */;
			path = PeakFlowModel.xcdatamodeld;
			sourceTree = "<group>";
			versionGroupType = wrapper.xcdatamodel;
		};
/* End XCVersionGroup section */
	};
	rootObject = 5BAF07B61DB11C1B00AF2FD0 /* Project object */;
}
