// !$*UTF8*$!
{
	archiveVersion = 1;
	classes = {
	};
	objectVersion = 46;
	objects = {

/* Begin PBXBuildFile section */
		280551A01DDB6262001E99C6 /* DoctorInput.storyboard in Resources */ = {isa = PBXBuildFile; fileRef = 2805519F1DDB6262001E99C6 /* DoctorInput.storyboard */; };
		280C60871DCD531400089C08 /* SettingsViewController.swift in Sources */ = {isa = PBXBuildFile; fileRef = 280C60861DCD531400089C08 /* SettingsViewController.swift */; };
		2833EC801DCDF0C1000D4F7F /* SectionSelectionViewController.swift in Sources */ = {isa = PBXBuildFile; fileRef = 2833EC7F1DCDF0C1000D4F7F /* SectionSelectionViewController.swift */; };
		2834399E1DC2195900857437 /* Plist.swift in Sources */ = {isa = PBXBuildFile; fileRef = 2834399D1DC2195900857437 /* Plist.swift */; };
		28787E121DDB6B38000439AD /* PatientData.plist in Resources */ = {isa = PBXBuildFile; fileRef = 28787E111DDB6B38000439AD /* PatientData.plist */; };
		2899A93C1DB4FE03004306DF /* SymptomsViewController.swift in Sources */ = {isa = PBXBuildFile; fileRef = 2899A93B1DB4FE03004306DF /* SymptomsViewController.swift */; };
		2899A9411DB519D6004306DF /* MedicineViewController.swift in Sources */ = {isa = PBXBuildFile; fileRef = 2899A93F1DB519D6004306DF /* MedicineViewController.swift */; };
		28A336C61DDB582C005D8626 /* Green1ViewController.swift in Sources */ = {isa = PBXBuildFile; fileRef = 28A336C51DDB582C005D8626 /* Green1ViewController.swift */; };
		28A336C81DDB5850005D8626 /* Green2ViewController.swift in Sources */ = {isa = PBXBuildFile; fileRef = 28A336C71DDB5850005D8626 /* Green2ViewController.swift */; };
		28A336CA1DDB585C005D8626 /* Green3ViewController.swift in Sources */ = {isa = PBXBuildFile; fileRef = 28A336C91DDB585C005D8626 /* Green3ViewController.swift */; };
		28A336CC1DDB586C005D8626 /* Green4ViewController.swift in Sources */ = {isa = PBXBuildFile; fileRef = 28A336CB1DDB586C005D8626 /* Green4ViewController.swift */; };
		28A336CE1DDB5877005D8626 /* Green5ViewController.swift in Sources */ = {isa = PBXBuildFile; fileRef = 28A336CD1DDB5877005D8626 /* Green5ViewController.swift */; };
		28A336D01DDB5881005D8626 /* Green6ViewController.swift in Sources */ = {isa = PBXBuildFile; fileRef = 28A336CF1DDB5881005D8626 /* Green6ViewController.swift */; };
		28A336D21DDB58D6005D8626 /* Yellow1ViewController.swift in Sources */ = {isa = PBXBuildFile; fileRef = 28A336D11DDB58D6005D8626 /* Yellow1ViewController.swift */; };
		28A336D41DDB58E0005D8626 /* Yellow2ViewController.swift in Sources */ = {isa = PBXBuildFile; fileRef = 28A336D31DDB58E0005D8626 /* Yellow2ViewController.swift */; };
		28A336D61DDB58E7005D8626 /* Yellow3ViewController.swift in Sources */ = {isa = PBXBuildFile; fileRef = 28A336D51DDB58E7005D8626 /* Yellow3ViewController.swift */; };
		28A336D81DDB58EE005D8626 /* Yellow4ViewController.swift in Sources */ = {isa = PBXBuildFile; fileRef = 28A336D71DDB58EE005D8626 /* Yellow4ViewController.swift */; };
		28A336DA1DDB58F4005D8626 /* Yellow5ViewController.swift in Sources */ = {isa = PBXBuildFile; fileRef = 28A336D91DDB58F4005D8626 /* Yellow5ViewController.swift */; };
		28A336DC1DDB58FF005D8626 /* Yellow6ViewController.swift in Sources */ = {isa = PBXBuildFile; fileRef = 28A336DB1DDB58FF005D8626 /* Yellow6ViewController.swift */; };
		28A336DE1DDB590B005D8626 /* Red1ViewController.swift in Sources */ = {isa = PBXBuildFile; fileRef = 28A336DD1DDB590B005D8626 /* Red1ViewController.swift */; };
		28A336E01DDB5912005D8626 /* Red2ViewController.swift in Sources */ = {isa = PBXBuildFile; fileRef = 28A336DF1DDB5912005D8626 /* Red2ViewController.swift */; };
		28A336E21DDB5C79005D8626 /* Yellow7ViewController.swift in Sources */ = {isa = PBXBuildFile; fileRef = 28A336E11DDB5C79005D8626 /* Yellow7ViewController.swift */; };
		28A53A861DDDF64A00595F80 /* ColourFile.swift in Sources */ = {isa = PBXBuildFile; fileRef = 28A53A851DDDF64A00595F80 /* ColourFile.swift */; };
		28A53A881DDDFC7100595F80 /* PatientDataFields.swift in Sources */ = {isa = PBXBuildFile; fileRef = 28A53A871DDDFC7100595F80 /* PatientDataFields.swift */; };
		28A6D0D11DCB552A003B9CDC /* ListedViewController.swift in Sources */ = {isa = PBXBuildFile; fileRef = 28A6D0D01DCB552A003B9CDC /* ListedViewController.swift */; };
		28A6D0D31DCBA5C6003B9CDC /* Orange1ViewController.swift in Sources */ = {isa = PBXBuildFile; fileRef = 28A6D0D21DCBA5C6003B9CDC /* Orange1ViewController.swift */; };
		28A6D0D51DCBA5D1003B9CDC /* Orange2ViewController.swift in Sources */ = {isa = PBXBuildFile; fileRef = 28A6D0D41DCBA5D1003B9CDC /* Orange2ViewController.swift */; };
		28A6D0D71DCBA5DC003B9CDC /* Orange3ViewController.swift in Sources */ = {isa = PBXBuildFile; fileRef = 28A6D0D61DCBA5DC003B9CDC /* Orange3ViewController.swift */; };
		28A6D0DB1DCBB2E9003B9CDC /* RedViewController.swift in Sources */ = {isa = PBXBuildFile; fileRef = 28A6D0DA1DCBB2E9003B9CDC /* RedViewController.swift */; };
		28CC5CAA1DC772E8009A7BE9 /* GreenSection.storyboard in Resources */ = {isa = PBXBuildFile; fileRef = 28CC5CA91DC772E8009A7BE9 /* GreenSection.storyboard */; };
		28CC5CAC1DC77625009A7BE9 /* Settings.storyboard in Resources */ = {isa = PBXBuildFile; fileRef = 28CC5CAB1DC77625009A7BE9 /* Settings.storyboard */; };
		28CC5CAD1DC777E4009A7BE9 /* Emergency.storyboard in Resources */ = {isa = PBXBuildFile; fileRef = 5BAF07C51DB11C1B00AF2FD0 /* Emergency.storyboard */; };
		28E486301DB672A500C3C87E /* StatsStartViewController.swift in Sources */ = {isa = PBXBuildFile; fileRef = 28E4862F1DB672A500C3C87E /* StatsStartViewController.swift */; };
		5B0DEF7A1DB8F1FC006ECFCE /* LearnTableViewController.swift in Sources */ = {isa = PBXBuildFile; fileRef = 5B0DEF791DB8F1FC006ECFCE /* LearnTableViewController.swift */; };
		5B6B434F1DC38E770071AC66 /* Learn.storyboard in Resources */ = {isa = PBXBuildFile; fileRef = 5B6B434E1DC38E770071AC66 /* Learn.storyboard */; };
		5B6B43511DC38F6A0071AC66 /* Statistics.storyboard in Resources */ = {isa = PBXBuildFile; fileRef = 5B6B43501DC38F6A0071AC66 /* Statistics.storyboard */; };
		5B82CA961DC8C14B003930FB /* PeakFlowViewController.swift in Sources */ = {isa = PBXBuildFile; fileRef = 5B82CA951DC8C14B003930FB /* PeakFlowViewController.swift */; };
		5B82CABA1DC8CA85003930FB /* PeakFlowModel.xcdatamodeld in Sources */ = {isa = PBXBuildFile; fileRef = 5B82CAB81DC8CA85003930FB /* PeakFlowModel.xcdatamodeld */; };
		5B82CABD1DC8CAF1003930FB /* PeakFlowTable+CoreDataClass.swift in Sources */ = {isa = PBXBuildFile; fileRef = 5B82CABB1DC8CAF1003930FB /* PeakFlowTable+CoreDataClass.swift */; };
		5B82CABE1DC8CAF1003930FB /* PeakFlowTable+CoreDataProperties.swift in Sources */ = {isa = PBXBuildFile; fileRef = 5B82CABC1DC8CAF1003930FB /* PeakFlowTable+CoreDataProperties.swift */; };
		5B82CAC01DC8ECE4003930FB /* SupportViewController.swift in Sources */ = {isa = PBXBuildFile; fileRef = 5B82CABF1DC8ECE4003930FB /* SupportViewController.swift */; };
		5B82CAC31DC8EE07003930FB /* SupportRecord+CoreDataClass.swift in Sources */ = {isa = PBXBuildFile; fileRef = 5B82CAC11DC8EE07003930FB /* SupportRecord+CoreDataClass.swift */; };
		5B82CAC41DC8EE07003930FB /* SupportRecord+CoreDataProperties.swift in Sources */ = {isa = PBXBuildFile; fileRef = 5B82CAC21DC8EE07003930FB /* SupportRecord+CoreDataProperties.swift */; };
		5B82CAD31DC912CB003930FB /* PendingTask+CoreDataClass.swift in Sources */ = {isa = PBXBuildFile; fileRef = 5B82CAD11DC912CB003930FB /* PendingTask+CoreDataClass.swift */; };
		5B82CAD41DC912CB003930FB /* PendingTask+CoreDataProperties.swift in Sources */ = {isa = PBXBuildFile; fileRef = 5B82CAD21DC912CB003930FB /* PendingTask+CoreDataProperties.swift */; };
		5B82CAD61DC9139C003930FB /* PendingTasks.storyboard in Resources */ = {isa = PBXBuildFile; fileRef = 5B82CAD51DC9139C003930FB /* PendingTasks.storyboard */; };
		5B82CAD81DC91527003930FB /* TaskTableViewCell.swift in Sources */ = {isa = PBXBuildFile; fileRef = 5B82CAD71DC91527003930FB /* TaskTableViewCell.swift */; };
		5B82CADA1DC918C1003930FB /* PendingTasksTableViewController.swift in Sources */ = {isa = PBXBuildFile; fileRef = 5B82CAD91DC918C1003930FB /* PendingTasksTableViewController.swift */; };
		5B88A4E81DEB464800CDD946 /* BLE.swift in Sources */ = {isa = PBXBuildFile; fileRef = 5B88A4E71DEB464800CDD946 /* BLE.swift */; };
		5B9087651DDA64FB001C7F13 /* oldMain.storyboard in Resources */ = {isa = PBXBuildFile; fileRef = 5B9087641DDA64FB001C7F13 /* oldMain.storyboard */; };
		5B9087671DDA707F001C7F13 /* LogPreventerInhaler.storyboard in Resources */ = {isa = PBXBuildFile; fileRef = 5B9087661DDA707F001C7F13 /* LogPreventerInhaler.storyboard */; };
		5B9087691DDA74D9001C7F13 /* LogPreventerInhalerViewController.swift in Sources */ = {isa = PBXBuildFile; fileRef = 5B9087681DDA74D8001C7F13 /* LogPreventerInhalerViewController.swift */; };
		5B90876B1DDA7C38001C7F13 /* LogRelieverInhaler.storyboard in Resources */ = {isa = PBXBuildFile; fileRef = 5B90876A1DDA7C38001C7F13 /* LogRelieverInhaler.storyboard */; };
		5B90876D1DDA7D37001C7F13 /* LogRelieverInhalerViewController.swift in Sources */ = {isa = PBXBuildFile; fileRef = 5B90876C1DDA7D37001C7F13 /* LogRelieverInhalerViewController.swift */; };
		5BAF07C21DB11C1B00AF2FD0 /* AppDelegate.swift in Sources */ = {isa = PBXBuildFile; fileRef = 5BAF07C11DB11C1B00AF2FD0 /* AppDelegate.swift */; };
		5BAF07C41DB11C1B00AF2FD0 /* ViewController.swift in Sources */ = {isa = PBXBuildFile; fileRef = 5BAF07C31DB11C1B00AF2FD0 /* ViewController.swift */; };
		5BAF07C91DB11C1B00AF2FD0 /* Assets.xcassets in Resources */ = {isa = PBXBuildFile; fileRef = 5BAF07C81DB11C1B00AF2FD0 /* Assets.xcassets */; };
		5BAF07CC1DB11C1B00AF2FD0 /* LaunchScreen.storyboard in Resources */ = {isa = PBXBuildFile; fileRef = 5BAF07CA1DB11C1B00AF2FD0 /* LaunchScreen.storyboard */; };
		5BAF07D71DB11C1B00AF2FD0 /* PulmonisTests.swift in Sources */ = {isa = PBXBuildFile; fileRef = 5BAF07D61DB11C1B00AF2FD0 /* PulmonisTests.swift */; };
		5BAF07E21DB11C1B00AF2FD0 /* PulmonisUITests.swift in Sources */ = {isa = PBXBuildFile; fileRef = 5BAF07E11DB11C1B00AF2FD0 /* PulmonisUITests.swift */; };
		5BC5360F1DB6761C00231A50 /* LiberationSans-Bold.ttf in Resources */ = {isa = PBXBuildFile; fileRef = 5BC5360E1DB6761C00231A50 /* LiberationSans-Bold.ttf */; };
		5BC536101DB6761C00231A50 /* LiberationSans-Bold.ttf in Resources */ = {isa = PBXBuildFile; fileRef = 5BC5360E1DB6761C00231A50 /* LiberationSans-Bold.ttf */; };
		5BC536111DB6761C00231A50 /* LiberationSans-Bold.ttf in Resources */ = {isa = PBXBuildFile; fileRef = 5BC5360E1DB6761C00231A50 /* LiberationSans-Bold.ttf */; };
		5BC536151DB6762A00231A50 /* LiberationSans-BoldItalic.ttf in Resources */ = {isa = PBXBuildFile; fileRef = 5BC536121DB6762A00231A50 /* LiberationSans-BoldItalic.ttf */; };
		5BC536161DB6762A00231A50 /* LiberationSans-BoldItalic.ttf in Resources */ = {isa = PBXBuildFile; fileRef = 5BC536121DB6762A00231A50 /* LiberationSans-BoldItalic.ttf */; };
		5BC536171DB6762A00231A50 /* LiberationSans-BoldItalic.ttf in Resources */ = {isa = PBXBuildFile; fileRef = 5BC536121DB6762A00231A50 /* LiberationSans-BoldItalic.ttf */; };
		5BC536181DB6762A00231A50 /* LiberationSans-Italic.ttf in Resources */ = {isa = PBXBuildFile; fileRef = 5BC536131DB6762A00231A50 /* LiberationSans-Italic.ttf */; };
		5BC536191DB6762A00231A50 /* LiberationSans-Italic.ttf in Resources */ = {isa = PBXBuildFile; fileRef = 5BC536131DB6762A00231A50 /* LiberationSans-Italic.ttf */; };
		5BC5361A1DB6762A00231A50 /* LiberationSans-Italic.ttf in Resources */ = {isa = PBXBuildFile; fileRef = 5BC536131DB6762A00231A50 /* LiberationSans-Italic.ttf */; };
		5BC5361B1DB6762A00231A50 /* LiberationSans-Regular.ttf in Resources */ = {isa = PBXBuildFile; fileRef = 5BC536141DB6762A00231A50 /* LiberationSans-Regular.ttf */; };
		5BC5361C1DB6762A00231A50 /* LiberationSans-Regular.ttf in Resources */ = {isa = PBXBuildFile; fileRef = 5BC536141DB6762A00231A50 /* LiberationSans-Regular.ttf */; };
		5BC5361D1DB6762A00231A50 /* LiberationSans-Regular.ttf in Resources */ = {isa = PBXBuildFile; fileRef = 5BC536141DB6762A00231A50 /* LiberationSans-Regular.ttf */; };
		711210131DEF3803001C597A /* PlotBreath.storyboard in Resources */ = {isa = PBXBuildFile; fileRef = 711210121DEF3803001C597A /* PlotBreath.storyboard */; };
		711210201DEF3A97001C597A /* Charts.framework in Frameworks */ = {isa = PBXBuildFile; fileRef = 7112101B1DEF39EE001C597A /* Charts.framework */; };
		711210211DEF3A97001C597A /* Charts.framework in Embed Frameworks */ = {isa = PBXBuildFile; fileRef = 7112101B1DEF39EE001C597A /* Charts.framework */; settings = {ATTRIBUTES = (CodeSignOnCopy, RemoveHeadersOnCopy, ); }; };
		711210261DEF3B0E001C597A /* PlotBreathViewController.swift in Sources */ = {isa = PBXBuildFile; fileRef = 711210251DEF3B0E001C597A /* PlotBreathViewController.swift */; };
		711210281DEF69ED001C597A /* ActionPlan.storyboard in Resources */ = {isa = PBXBuildFile; fileRef = 711210271DEF69ED001C597A /* ActionPlan.storyboard */; };
		719018921DC78CBE000E8F59 /* OrangeSection.storyboard in Resources */ = {isa = PBXBuildFile; fileRef = 719018911DC78CBE000E8F59 /* OrangeSection.storyboard */; };
		719018941DC78CEA000E8F59 /* RedSection.storyboard in Resources */ = {isa = PBXBuildFile; fileRef = 719018931DC78CEA000E8F59 /* RedSection.storyboard */; };
		71987C5B1DB678B300248AE1 /* EmergencyViewController.swift in Sources */ = {isa = PBXBuildFile; fileRef = 71987C5A1DB678B300248AE1 /* EmergencyViewController.swift */; };
		719D0C7F1DBA2E66008F5F97 /* Main.storyboard in Resources */ = {isa = PBXBuildFile; fileRef = 719D0C7D1DBA2E66008F5F97 /* Main.storyboard */; };
		B2A66DD01DDDE05F00F0A7EC /* SymptomsActionPlanViewController.swift in Sources */ = {isa = PBXBuildFile; fileRef = B2A66DCF1DDDE05F00F0A7EC /* SymptomsActionPlanViewController.swift */; };
		B2A66DD11DDDE2C300F0A7EC /* SymptomActionPlan.storyboard in Resources */ = {isa = PBXBuildFile; fileRef = B2A66DCD1DDDE02100F0A7EC /* SymptomActionPlan.storyboard */; };
		B2A66DD51DDDEEC100F0A7EC /* ActionPlanTutorialViewController.swift in Sources */ = {isa = PBXBuildFile; fileRef = B2A66DD41DDDEEC100F0A7EC /* ActionPlanTutorialViewController.swift */; };
/* End PBXBuildFile section */

/* Begin PBXContainerItemProxy section */
		5BAF07D31DB11C1B00AF2FD0 /* PBXContainerItemProxy */ = {
			isa = PBXContainerItemProxy;
			containerPortal = 5BAF07B61DB11C1B00AF2FD0 /* Project object */;
			proxyType = 1;
			remoteGlobalIDString = 5BAF07BD1DB11C1B00AF2FD0;
			remoteInfo = Pulmonis;
		};
		5BAF07DE1DB11C1B00AF2FD0 /* PBXContainerItemProxy */ = {
			isa = PBXContainerItemProxy;
			containerPortal = 5BAF07B61DB11C1B00AF2FD0 /* Project object */;
			proxyType = 1;
			remoteGlobalIDString = 5BAF07BD1DB11C1B00AF2FD0;
			remoteInfo = Pulmonis;
		};
		7112101A1DEF39EE001C597A /* PBXContainerItemProxy */ = {
			isa = PBXContainerItemProxy;
			containerPortal = 711210141DEF39EE001C597A /* Charts.xcodeproj */;
			proxyType = 2;
			remoteGlobalIDString = 06165F241D8110E600722320;
			remoteInfo = Charts;
		};
		7112101C1DEF39EE001C597A /* PBXContainerItemProxy */ = {
			isa = PBXContainerItemProxy;
			containerPortal = 711210141DEF39EE001C597A /* Charts.xcodeproj */;
			proxyType = 2;
			remoteGlobalIDString = 06B120D51D811E6200D14B02;
			remoteInfo = ChartsRealm;
		};
		7112101E1DEF39EE001C597A /* PBXContainerItemProxy */ = {
			isa = PBXContainerItemProxy;
			containerPortal = 711210141DEF39EE001C597A /* Charts.xcodeproj */;
			proxyType = 2;
			remoteGlobalIDString = 06165F2E1D8110E600722320;
			remoteInfo = ChartsTests;
		};
		711210221DEF3A97001C597A /* PBXContainerItemProxy */ = {
			isa = PBXContainerItemProxy;
			containerPortal = 711210141DEF39EE001C597A /* Charts.xcodeproj */;
			proxyType = 1;
			remoteGlobalIDString = 06165F231D8110E600722320;
			remoteInfo = Charts;
		};
/* End PBXContainerItemProxy section */

/* Begin PBXCopyFilesBuildPhase section */
		711210241DEF3A97001C597A /* Embed Frameworks */ = {
			isa = PBXCopyFilesBuildPhase;
			buildActionMask = 2147483647;
			dstPath = "";
			dstSubfolderSpec = 10;
			files = (
				711210211DEF3A97001C597A /* Charts.framework in Embed Frameworks */,
			);
			name = "Embed Frameworks";
			runOnlyForDeploymentPostprocessing = 0;
		};
/* End PBXCopyFilesBuildPhase section */

/* Begin PBXFileReference section */
		2805519F1DDB6262001E99C6 /* DoctorInput.storyboard */ = {isa = PBXFileReference; fileEncoding = 4; lastKnownFileType = file.storyboard; path = DoctorInput.storyboard; sourceTree = "<group>"; };
		280C60861DCD531400089C08 /* SettingsViewController.swift */ = {isa = PBXFileReference; fileEncoding = 4; lastKnownFileType = sourcecode.swift; path = SettingsViewController.swift; sourceTree = "<group>"; };
		2833EC7F1DCDF0C1000D4F7F /* SectionSelectionViewController.swift */ = {isa = PBXFileReference; fileEncoding = 4; lastKnownFileType = sourcecode.swift; path = SectionSelectionViewController.swift; sourceTree = "<group>"; };
		2834399D1DC2195900857437 /* Plist.swift */ = {isa = PBXFileReference; fileEncoding = 4; lastKnownFileType = sourcecode.swift; path = Plist.swift; sourceTree = "<group>"; };
		28787E111DDB6B38000439AD /* PatientData.plist */ = {isa = PBXFileReference; fileEncoding = 4; lastKnownFileType = text.plist.xml; path = PatientData.plist; sourceTree = "<group>"; };
		2899A93B1DB4FE03004306DF /* SymptomsViewController.swift */ = {isa = PBXFileReference; fileEncoding = 4; lastKnownFileType = sourcecode.swift; path = SymptomsViewController.swift; sourceTree = "<group>"; };
		2899A93F1DB519D6004306DF /* MedicineViewController.swift */ = {isa = PBXFileReference; fileEncoding = 4; lastKnownFileType = sourcecode.swift; path = MedicineViewController.swift; sourceTree = "<group>"; };
		28A336C51DDB582C005D8626 /* Green1ViewController.swift */ = {isa = PBXFileReference; fileEncoding = 4; lastKnownFileType = sourcecode.swift; path = Green1ViewController.swift; sourceTree = "<group>"; };
		28A336C71DDB5850005D8626 /* Green2ViewController.swift */ = {isa = PBXFileReference; fileEncoding = 4; lastKnownFileType = sourcecode.swift; path = Green2ViewController.swift; sourceTree = "<group>"; };
		28A336C91DDB585C005D8626 /* Green3ViewController.swift */ = {isa = PBXFileReference; fileEncoding = 4; lastKnownFileType = sourcecode.swift; path = Green3ViewController.swift; sourceTree = "<group>"; };
		28A336CB1DDB586C005D8626 /* Green4ViewController.swift */ = {isa = PBXFileReference; fileEncoding = 4; lastKnownFileType = sourcecode.swift; path = Green4ViewController.swift; sourceTree = "<group>"; };
		28A336CD1DDB5877005D8626 /* Green5ViewController.swift */ = {isa = PBXFileReference; fileEncoding = 4; lastKnownFileType = sourcecode.swift; path = Green5ViewController.swift; sourceTree = "<group>"; };
		28A336CF1DDB5881005D8626 /* Green6ViewController.swift */ = {isa = PBXFileReference; fileEncoding = 4; lastKnownFileType = sourcecode.swift; path = Green6ViewController.swift; sourceTree = "<group>"; };
		28A336D11DDB58D6005D8626 /* Yellow1ViewController.swift */ = {isa = PBXFileReference; fileEncoding = 4; lastKnownFileType = sourcecode.swift; path = Yellow1ViewController.swift; sourceTree = "<group>"; };
		28A336D31DDB58E0005D8626 /* Yellow2ViewController.swift */ = {isa = PBXFileReference; fileEncoding = 4; lastKnownFileType = sourcecode.swift; path = Yellow2ViewController.swift; sourceTree = "<group>"; };
		28A336D51DDB58E7005D8626 /* Yellow3ViewController.swift */ = {isa = PBXFileReference; fileEncoding = 4; lastKnownFileType = sourcecode.swift; path = Yellow3ViewController.swift; sourceTree = "<group>"; };
		28A336D71DDB58EE005D8626 /* Yellow4ViewController.swift */ = {isa = PBXFileReference; fileEncoding = 4; lastKnownFileType = sourcecode.swift; path = Yellow4ViewController.swift; sourceTree = "<group>"; };
		28A336D91DDB58F4005D8626 /* Yellow5ViewController.swift */ = {isa = PBXFileReference; fileEncoding = 4; lastKnownFileType = sourcecode.swift; path = Yellow5ViewController.swift; sourceTree = "<group>"; };
		28A336DB1DDB58FF005D8626 /* Yellow6ViewController.swift */ = {isa = PBXFileReference; fileEncoding = 4; lastKnownFileType = sourcecode.swift; path = Yellow6ViewController.swift; sourceTree = "<group>"; };
		28A336DD1DDB590B005D8626 /* Red1ViewController.swift */ = {isa = PBXFileReference; fileEncoding = 4; lastKnownFileType = sourcecode.swift; path = Red1ViewController.swift; sourceTree = "<group>"; };
		28A336DF1DDB5912005D8626 /* Red2ViewController.swift */ = {isa = PBXFileReference; fileEncoding = 4; lastKnownFileType = sourcecode.swift; path = Red2ViewController.swift; sourceTree = "<group>"; };
		28A336E11DDB5C79005D8626 /* Yellow7ViewController.swift */ = {isa = PBXFileReference; fileEncoding = 4; lastKnownFileType = sourcecode.swift; path = Yellow7ViewController.swift; sourceTree = "<group>"; };
		28A53A851DDDF64A00595F80 /* ColourFile.swift */ = {isa = PBXFileReference; fileEncoding = 4; lastKnownFileType = sourcecode.swift; path = ColourFile.swift; sourceTree = "<group>"; };
		28A53A871DDDFC7100595F80 /* PatientDataFields.swift */ = {isa = PBXFileReference; fileEncoding = 4; lastKnownFileType = sourcecode.swift; path = PatientDataFields.swift; sourceTree = "<group>"; };
		28A6D0D01DCB552A003B9CDC /* ListedViewController.swift */ = {isa = PBXFileReference; fileEncoding = 4; lastKnownFileType = sourcecode.swift; path = ListedViewController.swift; sourceTree = "<group>"; };
		28A6D0D21DCBA5C6003B9CDC /* Orange1ViewController.swift */ = {isa = PBXFileReference; fileEncoding = 4; lastKnownFileType = sourcecode.swift; path = Orange1ViewController.swift; sourceTree = "<group>"; };
		28A6D0D41DCBA5D1003B9CDC /* Orange2ViewController.swift */ = {isa = PBXFileReference; fileEncoding = 4; lastKnownFileType = sourcecode.swift; path = Orange2ViewController.swift; sourceTree = "<group>"; };
		28A6D0D61DCBA5DC003B9CDC /* Orange3ViewController.swift */ = {isa = PBXFileReference; fileEncoding = 4; lastKnownFileType = sourcecode.swift; path = Orange3ViewController.swift; sourceTree = "<group>"; };
		28A6D0DA1DCBB2E9003B9CDC /* RedViewController.swift */ = {isa = PBXFileReference; fileEncoding = 4; lastKnownFileType = sourcecode.swift; path = RedViewController.swift; sourceTree = "<group>"; };
		28CC5CA91DC772E8009A7BE9 /* GreenSection.storyboard */ = {isa = PBXFileReference; fileEncoding = 4; lastKnownFileType = file.storyboard; path = GreenSection.storyboard; sourceTree = "<group>"; };
		28CC5CAB1DC77625009A7BE9 /* Settings.storyboard */ = {isa = PBXFileReference; fileEncoding = 4; lastKnownFileType = file.storyboard; path = Settings.storyboard; sourceTree = "<group>"; };
		28E4862F1DB672A500C3C87E /* StatsStartViewController.swift */ = {isa = PBXFileReference; fileEncoding = 4; lastKnownFileType = sourcecode.swift; path = StatsStartViewController.swift; sourceTree = "<group>"; };
		5B0DEF791DB8F1FC006ECFCE /* LearnTableViewController.swift */ = {isa = PBXFileReference; fileEncoding = 4; lastKnownFileType = sourcecode.swift; path = LearnTableViewController.swift; sourceTree = "<group>"; };
		5B6B434E1DC38E770071AC66 /* Learn.storyboard */ = {isa = PBXFileReference; fileEncoding = 4; lastKnownFileType = file.storyboard; path = Learn.storyboard; sourceTree = "<group>"; };
		5B6B43501DC38F6A0071AC66 /* Statistics.storyboard */ = {isa = PBXFileReference; fileEncoding = 4; lastKnownFileType = file.storyboard; path = Statistics.storyboard; sourceTree = "<group>"; };
		5B82CA951DC8C14B003930FB /* PeakFlowViewController.swift */ = {isa = PBXFileReference; fileEncoding = 4; lastKnownFileType = sourcecode.swift; path = PeakFlowViewController.swift; sourceTree = "<group>"; };
		5B82CAB91DC8CA85003930FB /* PeakFlowModel.xcdatamodel */ = {isa = PBXFileReference; lastKnownFileType = wrapper.xcdatamodel; path = PeakFlowModel.xcdatamodel; sourceTree = "<group>"; };
		5B82CABB1DC8CAF1003930FB /* PeakFlowTable+CoreDataClass.swift */ = {isa = PBXFileReference; fileEncoding = 4; lastKnownFileType = sourcecode.swift; path = "PeakFlowTable+CoreDataClass.swift"; sourceTree = "<group>"; };
		5B82CABC1DC8CAF1003930FB /* PeakFlowTable+CoreDataProperties.swift */ = {isa = PBXFileReference; fileEncoding = 4; lastKnownFileType = sourcecode.swift; path = "PeakFlowTable+CoreDataProperties.swift"; sourceTree = "<group>"; };
		5B82CABF1DC8ECE4003930FB /* SupportViewController.swift */ = {isa = PBXFileReference; fileEncoding = 4; lastKnownFileType = sourcecode.swift; path = SupportViewController.swift; sourceTree = "<group>"; };
		5B82CAC11DC8EE07003930FB /* SupportRecord+CoreDataClass.swift */ = {isa = PBXFileReference; fileEncoding = 4; lastKnownFileType = sourcecode.swift; path = "SupportRecord+CoreDataClass.swift"; sourceTree = "<group>"; };
		5B82CAC21DC8EE07003930FB /* SupportRecord+CoreDataProperties.swift */ = {isa = PBXFileReference; fileEncoding = 4; lastKnownFileType = sourcecode.swift; path = "SupportRecord+CoreDataProperties.swift"; sourceTree = "<group>"; };
		5B82CAD11DC912CB003930FB /* PendingTask+CoreDataClass.swift */ = {isa = PBXFileReference; fileEncoding = 4; lastKnownFileType = sourcecode.swift; path = "PendingTask+CoreDataClass.swift"; sourceTree = "<group>"; };
		5B82CAD21DC912CB003930FB /* PendingTask+CoreDataProperties.swift */ = {isa = PBXFileReference; fileEncoding = 4; lastKnownFileType = sourcecode.swift; path = "PendingTask+CoreDataProperties.swift"; sourceTree = "<group>"; };
		5B82CAD51DC9139C003930FB /* PendingTasks.storyboard */ = {isa = PBXFileReference; fileEncoding = 4; lastKnownFileType = file.storyboard; path = PendingTasks.storyboard; sourceTree = "<group>"; };
		5B82CAD71DC91527003930FB /* TaskTableViewCell.swift */ = {isa = PBXFileReference; fileEncoding = 4; lastKnownFileType = sourcecode.swift; path = TaskTableViewCell.swift; sourceTree = "<group>"; };
		5B82CAD91DC918C1003930FB /* PendingTasksTableViewController.swift */ = {isa = PBXFileReference; fileEncoding = 4; lastKnownFileType = sourcecode.swift; path = PendingTasksTableViewController.swift; sourceTree = "<group>"; };
		5B88A4E71DEB464800CDD946 /* BLE.swift */ = {isa = PBXFileReference; fileEncoding = 4; lastKnownFileType = sourcecode.swift; path = BLE.swift; sourceTree = "<group>"; };
		5B9087641DDA64FB001C7F13 /* oldMain.storyboard */ = {isa = PBXFileReference; fileEncoding = 4; lastKnownFileType = file.storyboard; path = oldMain.storyboard; sourceTree = "<group>"; };
		5B9087661DDA707F001C7F13 /* LogPreventerInhaler.storyboard */ = {isa = PBXFileReference; fileEncoding = 4; lastKnownFileType = file.storyboard; path = LogPreventerInhaler.storyboard; sourceTree = "<group>"; };
		5B9087681DDA74D8001C7F13 /* LogPreventerInhalerViewController.swift */ = {isa = PBXFileReference; fileEncoding = 4; lastKnownFileType = sourcecode.swift; path = LogPreventerInhalerViewController.swift; sourceTree = "<group>"; };
		5B90876A1DDA7C38001C7F13 /* LogRelieverInhaler.storyboard */ = {isa = PBXFileReference; fileEncoding = 4; lastKnownFileType = file.storyboard; path = LogRelieverInhaler.storyboard; sourceTree = "<group>"; };
		5B90876C1DDA7D37001C7F13 /* LogRelieverInhalerViewController.swift */ = {isa = PBXFileReference; fileEncoding = 4; lastKnownFileType = sourcecode.swift; path = LogRelieverInhalerViewController.swift; sourceTree = "<group>"; };
		5BAF07BE1DB11C1B00AF2FD0 /* Pulmonis.app */ = {isa = PBXFileReference; explicitFileType = wrapper.application; includeInIndex = 0; path = Pulmonis.app; sourceTree = BUILT_PRODUCTS_DIR; };
		5BAF07C11DB11C1B00AF2FD0 /* AppDelegate.swift */ = {isa = PBXFileReference; lastKnownFileType = sourcecode.swift; path = AppDelegate.swift; sourceTree = "<group>"; };
		5BAF07C31DB11C1B00AF2FD0 /* ViewController.swift */ = {isa = PBXFileReference; lastKnownFileType = sourcecode.swift; path = ViewController.swift; sourceTree = "<group>"; };
		5BAF07C61DB11C1B00AF2FD0 /* Base */ = {isa = PBXFileReference; lastKnownFileType = file.storyboard; name = Base; path = Base.lproj/Emergency.storyboard; sourceTree = "<group>"; };
		5BAF07C81DB11C1B00AF2FD0 /* Assets.xcassets */ = {isa = PBXFileReference; lastKnownFileType = folder.assetcatalog; path = Assets.xcassets; sourceTree = "<group>"; };
		5BAF07CB1DB11C1B00AF2FD0 /* Base */ = {isa = PBXFileReference; lastKnownFileType = file.storyboard; name = Base; path = Base.lproj/LaunchScreen.storyboard; sourceTree = "<group>"; };
		5BAF07CD1DB11C1B00AF2FD0 /* Info.plist */ = {isa = PBXFileReference; lastKnownFileType = text.plist.xml; path = Info.plist; sourceTree = "<group>"; };
		5BAF07D21DB11C1B00AF2FD0 /* PulmonisTests.xctest */ = {isa = PBXFileReference; explicitFileType = wrapper.cfbundle; includeInIndex = 0; path = PulmonisTests.xctest; sourceTree = BUILT_PRODUCTS_DIR; };
		5BAF07D61DB11C1B00AF2FD0 /* PulmonisTests.swift */ = {isa = PBXFileReference; lastKnownFileType = sourcecode.swift; path = PulmonisTests.swift; sourceTree = "<group>"; };
		5BAF07D81DB11C1B00AF2FD0 /* Info.plist */ = {isa = PBXFileReference; lastKnownFileType = text.plist.xml; path = Info.plist; sourceTree = "<group>"; };
		5BAF07DD1DB11C1B00AF2FD0 /* PulmonisUITests.xctest */ = {isa = PBXFileReference; explicitFileType = wrapper.cfbundle; includeInIndex = 0; path = PulmonisUITests.xctest; sourceTree = BUILT_PRODUCTS_DIR; };
		5BAF07E11DB11C1B00AF2FD0 /* PulmonisUITests.swift */ = {isa = PBXFileReference; lastKnownFileType = sourcecode.swift; path = PulmonisUITests.swift; sourceTree = "<group>"; };
		5BAF07E31DB11C1B00AF2FD0 /* Info.plist */ = {isa = PBXFileReference; lastKnownFileType = text.plist.xml; path = Info.plist; sourceTree = "<group>"; };
		5BC5360E1DB6761C00231A50 /* LiberationSans-Bold.ttf */ = {isa = PBXFileReference; lastKnownFileType = file; path = "LiberationSans-Bold.ttf"; sourceTree = "<group>"; };
		5BC536121DB6762A00231A50 /* LiberationSans-BoldItalic.ttf */ = {isa = PBXFileReference; lastKnownFileType = file; path = "LiberationSans-BoldItalic.ttf"; sourceTree = "<group>"; };
		5BC536131DB6762A00231A50 /* LiberationSans-Italic.ttf */ = {isa = PBXFileReference; lastKnownFileType = file; path = "LiberationSans-Italic.ttf"; sourceTree = "<group>"; };
		5BC536141DB6762A00231A50 /* LiberationSans-Regular.ttf */ = {isa = PBXFileReference; lastKnownFileType = file; path = "LiberationSans-Regular.ttf"; sourceTree = "<group>"; };
		711210121DEF3803001C597A /* PlotBreath.storyboard */ = {isa = PBXFileReference; fileEncoding = 4; lastKnownFileType = file.storyboard; path = PlotBreath.storyboard; sourceTree = "<group>"; };
		711210141DEF39EE001C597A /* Charts.xcodeproj */ = {isa = PBXFileReference; lastKnownFileType = "wrapper.pb-project"; name = Charts.xcodeproj; path = Charts/Charts.xcodeproj; sourceTree = "<group>"; };
		711210251DEF3B0E001C597A /* PlotBreathViewController.swift */ = {isa = PBXFileReference; fileEncoding = 4; lastKnownFileType = sourcecode.swift; path = PlotBreathViewController.swift; sourceTree = "<group>"; };
		711210271DEF69ED001C597A /* ActionPlan.storyboard */ = {isa = PBXFileReference; fileEncoding = 4; lastKnownFileType = file.storyboard; name = ActionPlan.storyboard; path = "../../../Downloads/Pulmonis-master/Pulmonis/ActionPlan.storyboard"; sourceTree = "<group>"; };
		719018911DC78CBE000E8F59 /* OrangeSection.storyboard */ = {isa = PBXFileReference; fileEncoding = 4; lastKnownFileType = file.storyboard; path = OrangeSection.storyboard; sourceTree = "<group>"; };
		719018931DC78CEA000E8F59 /* RedSection.storyboard */ = {isa = PBXFileReference; fileEncoding = 4; lastKnownFileType = file.storyboard; path = RedSection.storyboard; sourceTree = "<group>"; };
		71987C5A1DB678B300248AE1 /* EmergencyViewController.swift */ = {isa = PBXFileReference; fileEncoding = 4; lastKnownFileType = sourcecode.swift; path = EmergencyViewController.swift; sourceTree = "<group>"; };
		719D0C7E1DBA2E66008F5F97 /* Base */ = {isa = PBXFileReference; lastKnownFileType = file.storyboard; name = Base; path = Pulmonis/Base.lproj/Main.storyboard; sourceTree = "<group>"; };
		B2A66DCD1DDDE02100F0A7EC /* SymptomActionPlan.storyboard */ = {isa = PBXFileReference; fileEncoding = 4; lastKnownFileType = file.storyboard; path = SymptomActionPlan.storyboard; sourceTree = "<group>"; };
		B2A66DCF1DDDE05F00F0A7EC /* SymptomsActionPlanViewController.swift */ = {isa = PBXFileReference; fileEncoding = 4; lastKnownFileType = sourcecode.swift; path = SymptomsActionPlanViewController.swift; sourceTree = "<group>"; };
		B2A66DD41DDDEEC100F0A7EC /* ActionPlanTutorialViewController.swift */ = {isa = PBXFileReference; fileEncoding = 4; lastKnownFileType = sourcecode.swift; path = ActionPlanTutorialViewController.swift; sourceTree = "<group>"; };
/* End PBXFileReference section */

/* Begin PBXFrameworksBuildPhase section */
		5BAF07BB1DB11C1B00AF2FD0 /* Frameworks */ = {
			isa = PBXFrameworksBuildPhase;
			buildActionMask = 2147483647;
			files = (
				711210201DEF3A97001C597A /* Charts.framework in Frameworks */,
			);
			runOnlyForDeploymentPostprocessing = 0;
		};
		5BAF07CF1DB11C1B00AF2FD0 /* Frameworks */ = {
			isa = PBXFrameworksBuildPhase;
			buildActionMask = 2147483647;
			files = (
			);
			runOnlyForDeploymentPostprocessing = 0;
		};
		5BAF07DA1DB11C1B00AF2FD0 /* Frameworks */ = {
			isa = PBXFrameworksBuildPhase;
			buildActionMask = 2147483647;
			files = (
			);
			runOnlyForDeploymentPostprocessing = 0;
		};
/* End PBXFrameworksBuildPhase section */

/* Begin PBXGroup section */
		5BAF07B51DB11C1B00AF2FD0 = {
			isa = PBXGroup;
			children = (
				711210141DEF39EE001C597A /* Charts.xcodeproj */,
				5BC5360D1DB675AD00231A50 /* Resources */,
				5BAF07C01DB11C1B00AF2FD0 /* Pulmonis */,
				5BAF07D51DB11C1B00AF2FD0 /* PulmonisTests */,
				5BAF07E01DB11C1B00AF2FD0 /* PulmonisUITests */,
				5BAF07BF1DB11C1B00AF2FD0 /* Products */,
			);
			sourceTree = "<group>";
		};
		5BAF07BF1DB11C1B00AF2FD0 /* Products */ = {
			isa = PBXGroup;
			children = (
				5BAF07BE1DB11C1B00AF2FD0 /* Pulmonis.app */,
				5BAF07D21DB11C1B00AF2FD0 /* PulmonisTests.xctest */,
				5BAF07DD1DB11C1B00AF2FD0 /* PulmonisUITests.xctest */,
			);
			name = Products;
			sourceTree = "<group>";
		};
		5BAF07C01DB11C1B00AF2FD0 /* Pulmonis */ = {
			isa = PBXGroup;
			children = (
				5B82CAD11DC912CB003930FB /* PendingTask+CoreDataClass.swift */,
				5B82CAD21DC912CB003930FB /* PendingTask+CoreDataProperties.swift */,
				5B82CAC11DC8EE07003930FB /* SupportRecord+CoreDataClass.swift */,
				5B82CAC21DC8EE07003930FB /* SupportRecord+CoreDataProperties.swift */,
				5B82CABB1DC8CAF1003930FB /* PeakFlowTable+CoreDataClass.swift */,
				5B82CABC1DC8CAF1003930FB /* PeakFlowTable+CoreDataProperties.swift */,
				719D0C7D1DBA2E66008F5F97 /* Main.storyboard */,
				5B9087661DDA707F001C7F13 /* LogPreventerInhaler.storyboard */,
				5B90876A1DDA7C38001C7F13 /* LogRelieverInhaler.storyboard */,
				5B9087681DDA74D8001C7F13 /* LogPreventerInhalerViewController.swift */,
				5B9087641DDA64FB001C7F13 /* oldMain.storyboard */,
				5B82CAD51DC9139C003930FB /* PendingTasks.storyboard */,
				5B82CAD71DC91527003930FB /* TaskTableViewCell.swift */,
				28787E111DDB6B38000439AD /* PatientData.plist */,
				5B90876C1DDA7D37001C7F13 /* LogRelieverInhalerViewController.swift */,
				711210121DEF3803001C597A /* PlotBreath.storyboard */,
				711210251DEF3B0E001C597A /* PlotBreathViewController.swift */,
				5B88A4E71DEB464800CDD946 /* BLE.swift */,
				5B82CABF1DC8ECE4003930FB /* SupportViewController.swift */,
				5B82CA951DC8C14B003930FB /* PeakFlowViewController.swift */,
				711210271DEF69ED001C597A /* ActionPlan.storyboard */,
				2805519F1DDB6262001E99C6 /* DoctorInput.storyboard */,
				5B6B43501DC38F6A0071AC66 /* Statistics.storyboard */,
				5B6B434E1DC38E770071AC66 /* Learn.storyboard */,
				28A6D0D01DCB552A003B9CDC /* ListedViewController.swift */,
				28CC5CA91DC772E8009A7BE9 /* GreenSection.storyboard */,
				28A53A851DDDF64A00595F80 /* ColourFile.swift */,
				28A53A871DDDFC7100595F80 /* PatientDataFields.swift */,
				28A336D11DDB58D6005D8626 /* Yellow1ViewController.swift */,
				28A336D31DDB58E0005D8626 /* Yellow2ViewController.swift */,
				B2A66DCD1DDDE02100F0A7EC /* SymptomActionPlan.storyboard */,
				B2A66DD41DDDEEC100F0A7EC /* ActionPlanTutorialViewController.swift */,
				B2A66DCF1DDDE05F00F0A7EC /* SymptomsActionPlanViewController.swift */,
				28A336D51DDB58E7005D8626 /* Yellow3ViewController.swift */,
				28A336D71DDB58EE005D8626 /* Yellow4ViewController.swift */,
				28A336D91DDB58F4005D8626 /* Yellow5ViewController.swift */,
				28A336DB1DDB58FF005D8626 /* Yellow6ViewController.swift */,
				28A336E11DDB5C79005D8626 /* Yellow7ViewController.swift */,
				28A336DD1DDB590B005D8626 /* Red1ViewController.swift */,
				28A336DF1DDB5912005D8626 /* Red2ViewController.swift */,
				28A336C51DDB582C005D8626 /* Green1ViewController.swift */,
				28A336C71DDB5850005D8626 /* Green2ViewController.swift */,
				28A336C91DDB585C005D8626 /* Green3ViewController.swift */,
				28A336CB1DDB586C005D8626 /* Green4ViewController.swift */,
				28A336CD1DDB5877005D8626 /* Green5ViewController.swift */,
				28A336CF1DDB5881005D8626 /* Green6ViewController.swift */,
				28CC5CAB1DC77625009A7BE9 /* Settings.storyboard */,
				2833EC7F1DCDF0C1000D4F7F /* SectionSelectionViewController.swift */,
				280C60861DCD531400089C08 /* SettingsViewController.swift */,
				2834399D1DC2195900857437 /* Plist.swift */,
				5BAF07C11DB11C1B00AF2FD0 /* AppDelegate.swift */,
				5B82CAB81DC8CA85003930FB /* PeakFlowModel.xcdatamodeld */,
				5BAF07C31DB11C1B00AF2FD0 /* ViewController.swift */,
				28E4862F1DB672A500C3C87E /* StatsStartViewController.swift */,
				2899A93F1DB519D6004306DF /* MedicineViewController.swift */,
				2899A93B1DB4FE03004306DF /* SymptomsViewController.swift */,
				5BAF07C51DB11C1B00AF2FD0 /* Emergency.storyboard */,
				719018931DC78CEA000E8F59 /* RedSection.storyboard */,
				28A6D0DA1DCBB2E9003B9CDC /* RedViewController.swift */,
				719018911DC78CBE000E8F59 /* OrangeSection.storyboard */,
				28A6D0D21DCBA5C6003B9CDC /* Orange1ViewController.swift */,
				28A6D0D41DCBA5D1003B9CDC /* Orange2ViewController.swift */,
				28A6D0D61DCBA5DC003B9CDC /* Orange3ViewController.swift */,
				71987C5A1DB678B300248AE1 /* EmergencyViewController.swift */,
				5BAF07C81DB11C1B00AF2FD0 /* Assets.xcassets */,
				5BAF07CA1DB11C1B00AF2FD0 /* LaunchScreen.storyboard */,
				5BAF07CD1DB11C1B00AF2FD0 /* Info.plist */,
				5B0DEF791DB8F1FC006ECFCE /* LearnTableViewController.swift */,
				5B82CAD91DC918C1003930FB /* PendingTasksTableViewController.swift */,
			);
			path = Pulmonis;
			sourceTree = "<group>";
		};
		5BAF07D51DB11C1B00AF2FD0 /* PulmonisTests */ = {
			isa = PBXGroup;
			children = (
				5BAF07D61DB11C1B00AF2FD0 /* PulmonisTests.swift */,
				5BAF07D81DB11C1B00AF2FD0 /* Info.plist */,
			);
			path = PulmonisTests;
			sourceTree = "<group>";
		};
		5BAF07E01DB11C1B00AF2FD0 /* PulmonisUITests */ = {
			isa = PBXGroup;
			children = (
				5BAF07E11DB11C1B00AF2FD0 /* PulmonisUITests.swift */,
				5BAF07E31DB11C1B00AF2FD0 /* Info.plist */,
			);
			path = PulmonisUITests;
			sourceTree = "<group>";
		};
		5BC5360D1DB675AD00231A50 /* Resources */ = {
			isa = PBXGroup;
			children = (
				5BC5360E1DB6761C00231A50 /* LiberationSans-Bold.ttf */,
				5BC536121DB6762A00231A50 /* LiberationSans-BoldItalic.ttf */,
				5BC536131DB6762A00231A50 /* LiberationSans-Italic.ttf */,
				5BC536141DB6762A00231A50 /* LiberationSans-Regular.ttf */,
			);
			name = Resources;
			sourceTree = "<group>";
		};
		711210151DEF39EE001C597A /* Products */ = {
			isa = PBXGroup;
			children = (
				7112101B1DEF39EE001C597A /* Charts.framework */,
				7112101D1DEF39EE001C597A /* ChartsRealm.framework */,
				7112101F1DEF39EE001C597A /* ChartsTests.xctest */,
			);
			name = Products;
			sourceTree = "<group>";
		};
/* End PBXGroup section */

/* Begin PBXNativeTarget section */
		5BAF07BD1DB11C1B00AF2FD0 /* Pulmonis */ = {
			isa = PBXNativeTarget;
			buildConfigurationList = 5BAF07E61DB11C1B00AF2FD0 /* Build configuration list for PBXNativeTarget "Pulmonis" */;
			buildPhases = (
				5BAF07BA1DB11C1B00AF2FD0 /* Sources */,
				5BAF07BB1DB11C1B00AF2FD0 /* Frameworks */,
				5BAF07BC1DB11C1B00AF2FD0 /* Resources */,
				711210241DEF3A97001C597A /* Embed Frameworks */,
			);
			buildRules = (
			);
			dependencies = (
				711210231DEF3A97001C597A /* PBXTargetDependency */,
			);
			name = Pulmonis;
			productName = Pulmonis;
			productReference = 5BAF07BE1DB11C1B00AF2FD0 /* Pulmonis.app */;
			productType = "com.apple.product-type.application";
		};
		5BAF07D11DB11C1B00AF2FD0 /* PulmonisTests */ = {
			isa = PBXNativeTarget;
			buildConfigurationList = 5BAF07E91DB11C1B00AF2FD0 /* Build configuration list for PBXNativeTarget "PulmonisTests" */;
			buildPhases = (
				5BAF07CE1DB11C1B00AF2FD0 /* Sources */,
				5BAF07CF1DB11C1B00AF2FD0 /* Frameworks */,
				5BAF07D01DB11C1B00AF2FD0 /* Resources */,
			);
			buildRules = (
			);
			dependencies = (
				5BAF07D41DB11C1B00AF2FD0 /* PBXTargetDependency */,
			);
			name = PulmonisTests;
			productName = PulmonisTests;
			productReference = 5BAF07D21DB11C1B00AF2FD0 /* PulmonisTests.xctest */;
			productType = "com.apple.product-type.bundle.unit-test";
		};
		5BAF07DC1DB11C1B00AF2FD0 /* PulmonisUITests */ = {
			isa = PBXNativeTarget;
			buildConfigurationList = 5BAF07EC1DB11C1B00AF2FD0 /* Build configuration list for PBXNativeTarget "PulmonisUITests" */;
			buildPhases = (
				5BAF07D91DB11C1B00AF2FD0 /* Sources */,
				5BAF07DA1DB11C1B00AF2FD0 /* Frameworks */,
				5BAF07DB1DB11C1B00AF2FD0 /* Resources */,
			);
			buildRules = (
			);
			dependencies = (
				5BAF07DF1DB11C1B00AF2FD0 /* PBXTargetDependency */,
			);
			name = PulmonisUITests;
			productName = PulmonisUITests;
			productReference = 5BAF07DD1DB11C1B00AF2FD0 /* PulmonisUITests.xctest */;
			productType = "com.apple.product-type.bundle.ui-testing";
		};
/* End PBXNativeTarget section */

/* Begin PBXProject section */
		5BAF07B61DB11C1B00AF2FD0 /* Project object */ = {
			isa = PBXProject;
			attributes = {
				LastSwiftUpdateCheck = 0800;
				LastUpgradeCheck = 0810;
				ORGANIZATIONNAME = "Manivannan Solan";
				TargetAttributes = {
					5BAF07BD1DB11C1B00AF2FD0 = {
						CreatedOnToolsVersion = 8.0;
						DevelopmentTeam = X2YRCXRG35;
						ProvisioningStyle = Automatic;
					};
					5BAF07D11DB11C1B00AF2FD0 = {
						CreatedOnToolsVersion = 8.0;
						DevelopmentTeam = X2YRCXRG35;
						ProvisioningStyle = Automatic;
						TestTargetID = 5BAF07BD1DB11C1B00AF2FD0;
					};
					5BAF07DC1DB11C1B00AF2FD0 = {
						CreatedOnToolsVersion = 8.0;
						DevelopmentTeam = X2YRCXRG35;
						ProvisioningStyle = Automatic;
						TestTargetID = 5BAF07BD1DB11C1B00AF2FD0;
					};
				};
			};
			buildConfigurationList = 5BAF07B91DB11C1B00AF2FD0 /* Build configuration list for PBXProject "Pulmonis" */;
			compatibilityVersion = "Xcode 3.2";
			developmentRegion = English;
			hasScannedForEncodings = 0;
			knownRegions = (
				en,
				Base,
			);
			mainGroup = 5BAF07B51DB11C1B00AF2FD0;
			productRefGroup = 5BAF07BF1DB11C1B00AF2FD0 /* Products */;
			projectDirPath = "";
			projectReferences = (
				{
					ProductGroup = 711210151DEF39EE001C597A /* Products */;
					ProjectRef = 711210141DEF39EE001C597A /* Charts.xcodeproj */;
				},
			);
			projectRoot = "";
			targets = (
				5BAF07BD1DB11C1B00AF2FD0 /* Pulmonis */,
				5BAF07D11DB11C1B00AF2FD0 /* PulmonisTests */,
				5BAF07DC1DB11C1B00AF2FD0 /* PulmonisUITests */,
			);
		};
/* End PBXProject section */

/* Begin PBXReferenceProxy section */
		7112101B1DEF39EE001C597A /* Charts.framework */ = {
			isa = PBXReferenceProxy;
			fileType = wrapper.framework;
			path = Charts.framework;
			remoteRef = 7112101A1DEF39EE001C597A /* PBXContainerItemProxy */;
			sourceTree = BUILT_PRODUCTS_DIR;
		};
		7112101D1DEF39EE001C597A /* ChartsRealm.framework */ = {
			isa = PBXReferenceProxy;
			fileType = wrapper.framework;
			path = ChartsRealm.framework;
			remoteRef = 7112101C1DEF39EE001C597A /* PBXContainerItemProxy */;
			sourceTree = BUILT_PRODUCTS_DIR;
		};
		7112101F1DEF39EE001C597A /* ChartsTests.xctest */ = {
			isa = PBXReferenceProxy;
			fileType = wrapper.cfbundle;
			path = ChartsTests.xctest;
			remoteRef = 7112101E1DEF39EE001C597A /* PBXContainerItemProxy */;
			sourceTree = BUILT_PRODUCTS_DIR;
		};
/* End PBXReferenceProxy section */

/* Begin PBXResourcesBuildPhase section */
		5BAF07BC1DB11C1B00AF2FD0 /* Resources */ = {
			isa = PBXResourcesBuildPhase;
			buildActionMask = 2147483647;
			files = (
				B2A66DD11DDDE2C300F0A7EC /* SymptomActionPlan.storyboard in Resources */,
				719018921DC78CBE000E8F59 /* OrangeSection.storyboard in Resources */,
				5BC5361B1DB6762A00231A50 /* LiberationSans-Regular.ttf in Resources */,
				711210131DEF3803001C597A /* PlotBreath.storyboard in Resources */,
				5B9087671DDA707F001C7F13 /* LogPreventerInhaler.storyboard in Resources */,
				5B6B434F1DC38E770071AC66 /* Learn.storyboard in Resources */,
				719D0C7F1DBA2E66008F5F97 /* Main.storyboard in Resources */,
				5BAF07CC1DB11C1B00AF2FD0 /* LaunchScreen.storyboard in Resources */,
				28787E121DDB6B38000439AD /* PatientData.plist in Resources */,
				5BAF07C91DB11C1B00AF2FD0 /* Assets.xcassets in Resources */,
				719018941DC78CEA000E8F59 /* RedSection.storyboard in Resources */,
				28CC5CAA1DC772E8009A7BE9 /* GreenSection.storyboard in Resources */,
				5B9087651DDA64FB001C7F13 /* oldMain.storyboard in Resources */,
				5B90876B1DDA7C38001C7F13 /* LogRelieverInhaler.storyboard in Resources */,
				5B82CAD61DC9139C003930FB /* PendingTasks.storyboard in Resources */,
				711210281DEF69ED001C597A /* ActionPlan.storyboard in Resources */,
				28CC5CAD1DC777E4009A7BE9 /* Emergency.storyboard in Resources */,
				280551A01DDB6262001E99C6 /* DoctorInput.storyboard in Resources */,
				28CC5CAC1DC77625009A7BE9 /* Settings.storyboard in Resources */,
				5BC536151DB6762A00231A50 /* LiberationSans-BoldItalic.ttf in Resources */,
				5B6B43511DC38F6A0071AC66 /* Statistics.storyboard in Resources */,
				5BC536181DB6762A00231A50 /* LiberationSans-Italic.ttf in Resources */,
				5BC5360F1DB6761C00231A50 /* LiberationSans-Bold.ttf in Resources */,
			);
			runOnlyForDeploymentPostprocessing = 0;
		};
		5BAF07D01DB11C1B00AF2FD0 /* Resources */ = {
			isa = PBXResourcesBuildPhase;
			buildActionMask = 2147483647;
			files = (
				5BC536101DB6761C00231A50 /* LiberationSans-Bold.ttf in Resources */,
				5BC536191DB6762A00231A50 /* LiberationSans-Italic.ttf in Resources */,
				5BC536161DB6762A00231A50 /* LiberationSans-BoldItalic.ttf in Resources */,
				5BC5361C1DB6762A00231A50 /* LiberationSans-Regular.ttf in Resources */,
			);
			runOnlyForDeploymentPostprocessing = 0;
		};
		5BAF07DB1DB11C1B00AF2FD0 /* Resources */ = {
			isa = PBXResourcesBuildPhase;
			buildActionMask = 2147483647;
			files = (
				5BC536111DB6761C00231A50 /* LiberationSans-Bold.ttf in Resources */,
				5BC5361A1DB6762A00231A50 /* LiberationSans-Italic.ttf in Resources */,
				5BC536171DB6762A00231A50 /* LiberationSans-BoldItalic.ttf in Resources */,
				5BC5361D1DB6762A00231A50 /* LiberationSans-Regular.ttf in Resources */,
			);
			runOnlyForDeploymentPostprocessing = 0;
		};
/* End PBXResourcesBuildPhase section */

/* Begin PBXSourcesBuildPhase section */
		5BAF07BA1DB11C1B00AF2FD0 /* Sources */ = {
			isa = PBXSourcesBuildPhase;
			buildActionMask = 2147483647;
			files = (
				28A336E21DDB5C79005D8626 /* Yellow7ViewController.swift in Sources */,
				28A336CA1DDB585C005D8626 /* Green3ViewController.swift in Sources */,
				5B82CADA1DC918C1003930FB /* PendingTasksTableViewController.swift in Sources */,
				28A53A861DDDF64A00595F80 /* ColourFile.swift in Sources */,
				B2A66DD01DDDE05F00F0A7EC /* SymptomsActionPlanViewController.swift in Sources */,
				5B82CABA1DC8CA85003930FB /* PeakFlowModel.xcdatamodeld in Sources */,
				28A336D21DDB58D6005D8626 /* Yellow1ViewController.swift in Sources */,
				5B88A4E81DEB464800CDD946 /* BLE.swift in Sources */,
				28A6D0D11DCB552A003B9CDC /* ListedViewController.swift in Sources */,
				28A6D0D31DCBA5C6003B9CDC /* Orange1ViewController.swift in Sources */,
				28A336E01DDB5912005D8626 /* Red2ViewController.swift in Sources */,
				28A336DA1DDB58F4005D8626 /* Yellow5ViewController.swift in Sources */,
				28E486301DB672A500C3C87E /* StatsStartViewController.swift in Sources */,
				5B82CAD81DC91527003930FB /* TaskTableViewCell.swift in Sources */,
				5B9087691DDA74D9001C7F13 /* LogPreventerInhalerViewController.swift in Sources */,
				5B82CAC01DC8ECE4003930FB /* SupportViewController.swift in Sources */,
				28A53A881DDDFC7100595F80 /* PatientDataFields.swift in Sources */,
				2899A9411DB519D6004306DF /* MedicineViewController.swift in Sources */,
				2833EC801DCDF0C1000D4F7F /* SectionSelectionViewController.swift in Sources */,
				28A336CE1DDB5877005D8626 /* Green5ViewController.swift in Sources */,
				2834399E1DC2195900857437 /* Plist.swift in Sources */,
				5B82CAC41DC8EE07003930FB /* SupportRecord+CoreDataProperties.swift in Sources */,
				5B82CAD31DC912CB003930FB /* PendingTask+CoreDataClass.swift in Sources */,
				28A336CC1DDB586C005D8626 /* Green4ViewController.swift in Sources */,
				5B90876D1DDA7D37001C7F13 /* LogRelieverInhalerViewController.swift in Sources */,
				28A6D0D51DCBA5D1003B9CDC /* Orange2ViewController.swift in Sources */,
				B2A66DD51DDDEEC100F0A7EC /* ActionPlanTutorialViewController.swift in Sources */,
				5BAF07C41DB11C1B00AF2FD0 /* ViewController.swift in Sources */,
				5BAF07C21DB11C1B00AF2FD0 /* AppDelegate.swift in Sources */,
				2899A93C1DB4FE03004306DF /* SymptomsViewController.swift in Sources */,
				28A336DC1DDB58FF005D8626 /* Yellow6ViewController.swift in Sources */,
				28A336D61DDB58E7005D8626 /* Yellow3ViewController.swift in Sources */,
				28A336D41DDB58E0005D8626 /* Yellow2ViewController.swift in Sources */,
				28A336DE1DDB590B005D8626 /* Red1ViewController.swift in Sources */,
				28A336C61DDB582C005D8626 /* Green1ViewController.swift in Sources */,
				280C60871DCD531400089C08 /* SettingsViewController.swift in Sources */,
				28A6D0DB1DCBB2E9003B9CDC /* RedViewController.swift in Sources */,
				711210261DEF3B0E001C597A /* PlotBreathViewController.swift in Sources */,
				28A336D81DDB58EE005D8626 /* Yellow4ViewController.swift in Sources */,
				28A336C81DDB5850005D8626 /* Green2ViewController.swift in Sources */,
				5B0DEF7A1DB8F1FC006ECFCE /* LearnTableViewController.swift in Sources */,
				5B82CAD41DC912CB003930FB /* PendingTask+CoreDataProperties.swift in Sources */,
				71987C5B1DB678B300248AE1 /* EmergencyViewController.swift in Sources */,
				5B82CAC31DC8EE07003930FB /* SupportRecord+CoreDataClass.swift in Sources */,
				5B82CABE1DC8CAF1003930FB /* PeakFlowTable+CoreDataProperties.swift in Sources */,
				5B82CABD1DC8CAF1003930FB /* PeakFlowTable+CoreDataClass.swift in Sources */,
				5B82CA961DC8C14B003930FB /* PeakFlowViewController.swift in Sources */,
				28A6D0D71DCBA5DC003B9CDC /* Orange3ViewController.swift in Sources */,
				28A336D01DDB5881005D8626 /* Green6ViewController.swift in Sources */,
			);
			runOnlyForDeploymentPostprocessing = 0;
		};
		5BAF07CE1DB11C1B00AF2FD0 /* Sources */ = {
			isa = PBXSourcesBuildPhase;
			buildActionMask = 2147483647;
			files = (
				5BAF07D71DB11C1B00AF2FD0 /* PulmonisTests.swift in Sources */,
			);
			runOnlyForDeploymentPostprocessing = 0;
		};
		5BAF07D91DB11C1B00AF2FD0 /* Sources */ = {
			isa = PBXSourcesBuildPhase;
			buildActionMask = 2147483647;
			files = (
				5BAF07E21DB11C1B00AF2FD0 /* PulmonisUITests.swift in Sources */,
			);
			runOnlyForDeploymentPostprocessing = 0;
		};
/* End PBXSourcesBuildPhase section */

/* Begin PBXTargetDependency section */
		5BAF07D41DB11C1B00AF2FD0 /* PBXTargetDependency */ = {
			isa = PBXTargetDependency;
			target = 5BAF07BD1DB11C1B00AF2FD0 /* Pulmonis */;
			targetProxy = 5BAF07D31DB11C1B00AF2FD0 /* PBXContainerItemProxy */;
		};
		5BAF07DF1DB11C1B00AF2FD0 /* PBXTargetDependency */ = {
			isa = PBXTargetDependency;
			target = 5BAF07BD1DB11C1B00AF2FD0 /* Pulmonis */;
			targetProxy = 5BAF07DE1DB11C1B00AF2FD0 /* PBXContainerItemProxy */;
		};
		711210231DEF3A97001C597A /* PBXTargetDependency */ = {
			isa = PBXTargetDependency;
			name = Charts;
			targetProxy = 711210221DEF3A97001C597A /* PBXContainerItemProxy */;
		};
/* End PBXTargetDependency section */

/* Begin PBXVariantGroup section */
		5BAF07C51DB11C1B00AF2FD0 /* Emergency.storyboard */ = {
			isa = PBXVariantGroup;
			children = (
				5BAF07C61DB11C1B00AF2FD0 /* Base */,
			);
			name = Emergency.storyboard;
			sourceTree = "<group>";
		};
		5BAF07CA1DB11C1B00AF2FD0 /* LaunchScreen.storyboard */ = {
			isa = PBXVariantGroup;
			children = (
				5BAF07CB1DB11C1B00AF2FD0 /* Base */,
			);
			name = LaunchScreen.storyboard;
			sourceTree = "<group>";
		};
		719D0C7D1DBA2E66008F5F97 /* Main.storyboard */ = {
			isa = PBXVariantGroup;
			children = (
				719D0C7E1DBA2E66008F5F97 /* Base */,
			);
			name = Main.storyboard;
			path = ..;
			sourceTree = "<group>";
		};
/* End PBXVariantGroup section */

/* Begin XCBuildConfiguration section */
		5BAF07E41DB11C1B00AF2FD0 /* Debug */ = {
			isa = XCBuildConfiguration;
			buildSettings = {
				ALWAYS_SEARCH_USER_PATHS = NO;
				CLANG_ANALYZER_NONNULL = YES;
				CLANG_CXX_LANGUAGE_STANDARD = "gnu++0x";
				CLANG_CXX_LIBRARY = "libc++";
				CLANG_ENABLE_MODULES = YES;
				CLANG_ENABLE_OBJC_ARC = YES;
				CLANG_WARN_BOOL_CONVERSION = YES;
				CLANG_WARN_CONSTANT_CONVERSION = YES;
				CLANG_WARN_DIRECT_OBJC_ISA_USAGE = YES_ERROR;
				CLANG_WARN_DOCUMENTATION_COMMENTS = YES;
				CLANG_WARN_EMPTY_BODY = YES;
				CLANG_WARN_ENUM_CONVERSION = YES;
				CLANG_WARN_INFINITE_RECURSION = YES;
				CLANG_WARN_INT_CONVERSION = YES;
				CLANG_WARN_OBJC_ROOT_CLASS = YES_ERROR;
				CLANG_WARN_SUSPICIOUS_MOVE = YES;
				CLANG_WARN_SUSPICIOUS_MOVES = YES;
				CLANG_WARN_UNREACHABLE_CODE = YES;
				CLANG_WARN__DUPLICATE_METHOD_MATCH = YES;
				"CODE_SIGN_IDENTITY[sdk=iphoneos*]" = "iPhone Developer";
				COPY_PHASE_STRIP = NO;
				DEBUG_INFORMATION_FORMAT = dwarf;
				ENABLE_STRICT_OBJC_MSGSEND = YES;
				ENABLE_TESTABILITY = YES;
				GCC_C_LANGUAGE_STANDARD = gnu99;
				GCC_DYNAMIC_NO_PIC = NO;
				GCC_NO_COMMON_BLOCKS = YES;
				GCC_OPTIMIZATION_LEVEL = 0;
				GCC_PREPROCESSOR_DEFINITIONS = (
					"DEBUG=1",
					"$(inherited)",
				);
				GCC_WARN_64_TO_32_BIT_CONVERSION = YES;
				GCC_WARN_ABOUT_RETURN_TYPE = YES_ERROR;
				GCC_WARN_UNDECLARED_SELECTOR = YES;
				GCC_WARN_UNINITIALIZED_AUTOS = YES_AGGRESSIVE;
				GCC_WARN_UNUSED_FUNCTION = YES;
				GCC_WARN_UNUSED_VARIABLE = YES;
				IPHONEOS_DEPLOYMENT_TARGET = 10.0;
				MTL_ENABLE_DEBUG_INFO = YES;
				ONLY_ACTIVE_ARCH = YES;
				SDKROOT = iphoneos;
				SWIFT_ACTIVE_COMPILATION_CONDITIONS = DEBUG;
				SWIFT_OPTIMIZATION_LEVEL = "-Onone";
				TARGETED_DEVICE_FAMILY = "1,2";
			};
			name = Debug;
		};
		5BAF07E51DB11C1B00AF2FD0 /* Release */ = {
			isa = XCBuildConfiguration;
			buildSettings = {
				ALWAYS_SEARCH_USER_PATHS = NO;
				CLANG_ANALYZER_NONNULL = YES;
				CLANG_CXX_LANGUAGE_STANDARD = "gnu++0x";
				CLANG_CXX_LIBRARY = "libc++";
				CLANG_ENABLE_MODULES = YES;
				CLANG_ENABLE_OBJC_ARC = YES;
				CLANG_WARN_BOOL_CONVERSION = YES;
				CLANG_WARN_CONSTANT_CONVERSION = YES;
				CLANG_WARN_DIRECT_OBJC_ISA_USAGE = YES_ERROR;
				CLANG_WARN_DOCUMENTATION_COMMENTS = YES;
				CLANG_WARN_EMPTY_BODY = YES;
				CLANG_WARN_ENUM_CONVERSION = YES;
				CLANG_WARN_INFINITE_RECURSION = YES;
				CLANG_WARN_INT_CONVERSION = YES;
				CLANG_WARN_OBJC_ROOT_CLASS = YES_ERROR;
				CLANG_WARN_SUSPICIOUS_MOVE = YES;
				CLANG_WARN_SUSPICIOUS_MOVES = YES;
				CLANG_WARN_UNREACHABLE_CODE = YES;
				CLANG_WARN__DUPLICATE_METHOD_MATCH = YES;
				"CODE_SIGN_IDENTITY[sdk=iphoneos*]" = "iPhone Developer";
				COPY_PHASE_STRIP = NO;
				DEBUG_INFORMATION_FORMAT = "dwarf-with-dsym";
				ENABLE_NS_ASSERTIONS = NO;
				ENABLE_STRICT_OBJC_MSGSEND = YES;
				GCC_C_LANGUAGE_STANDARD = gnu99;
				GCC_NO_COMMON_BLOCKS = YES;
				GCC_WARN_64_TO_32_BIT_CONVERSION = YES;
				GCC_WARN_ABOUT_RETURN_TYPE = YES_ERROR;
				GCC_WARN_UNDECLARED_SELECTOR = YES;
				GCC_WARN_UNINITIALIZED_AUTOS = YES_AGGRESSIVE;
				GCC_WARN_UNUSED_FUNCTION = YES;
				GCC_WARN_UNUSED_VARIABLE = YES;
				IPHONEOS_DEPLOYMENT_TARGET = 10.0;
				MTL_ENABLE_DEBUG_INFO = NO;
				SDKROOT = iphoneos;
				SWIFT_OPTIMIZATION_LEVEL = "-Owholemodule";
				TARGETED_DEVICE_FAMILY = "1,2";
				VALIDATE_PRODUCT = YES;
			};
			name = Release;
		};
		5BAF07E71DB11C1B00AF2FD0 /* Debug */ = {
			isa = XCBuildConfiguration;
			buildSettings = {
				ALWAYS_EMBED_SWIFT_STANDARD_LIBRARIES = YES;
				ASSETCATALOG_COMPILER_APPICON_NAME = AppIcon;
				"CODE_SIGN_IDENTITY[sdk=iphoneos*]" = "iPhone Developer";
				DEVELOPMENT_TEAM = X2YRCXRG35;
				INFOPLIST_FILE = Pulmonis/Info.plist;
				LD_RUNPATH_SEARCH_PATHS = "$(inherited) @executable_path/Frameworks";
				PRODUCT_BUNDLE_IDENTIFIER = edu.stanford.msolan.Pulmonis;
				PRODUCT_NAME = "$(TARGET_NAME)";
				SWIFT_VERSION = 3.0;
			};
			name = Debug;
		};
		5BAF07E81DB11C1B00AF2FD0 /* Release */ = {
			isa = XCBuildConfiguration;
			buildSettings = {
				ALWAYS_EMBED_SWIFT_STANDARD_LIBRARIES = YES;
				ASSETCATALOG_COMPILER_APPICON_NAME = AppIcon;
				"CODE_SIGN_IDENTITY[sdk=iphoneos*]" = "iPhone Developer";
				DEVELOPMENT_TEAM = X2YRCXRG35;
				INFOPLIST_FILE = Pulmonis/Info.plist;
				LD_RUNPATH_SEARCH_PATHS = "$(inherited) @executable_path/Frameworks";
				PRODUCT_BUNDLE_IDENTIFIER = edu.stanford.msolan.Pulmonis;
				PRODUCT_NAME = "$(TARGET_NAME)";
				SWIFT_VERSION = 3.0;
			};
			name = Release;
		};
		5BAF07EA1DB11C1B00AF2FD0 /* Debug */ = {
			isa = XCBuildConfiguration;
			buildSettings = {
				ALWAYS_EMBED_SWIFT_STANDARD_LIBRARIES = YES;
				BUNDLE_LOADER = "$(TEST_HOST)";
				DEVELOPMENT_TEAM = X2YRCXRG35;
				INFOPLIST_FILE = PulmonisTests/Info.plist;
				LD_RUNPATH_SEARCH_PATHS = "$(inherited) @executable_path/Frameworks @loader_path/Frameworks";
				PRODUCT_BUNDLE_IDENTIFIER = edu.stanford.msolan.PulmonisTests;
				PRODUCT_NAME = "$(TARGET_NAME)";
				SWIFT_VERSION = 3.0;
				TEST_HOST = "$(BUILT_PRODUCTS_DIR)/Pulmonis.app/Pulmonis";
			};
			name = Debug;
		};
		5BAF07EB1DB11C1B00AF2FD0 /* Release */ = {
			isa = XCBuildConfiguration;
			buildSettings = {
				ALWAYS_EMBED_SWIFT_STANDARD_LIBRARIES = YES;
				BUNDLE_LOADER = "$(TEST_HOST)";
				DEVELOPMENT_TEAM = X2YRCXRG35;
				INFOPLIST_FILE = PulmonisTests/Info.plist;
				LD_RUNPATH_SEARCH_PATHS = "$(inherited) @executable_path/Frameworks @loader_path/Frameworks";
				PRODUCT_BUNDLE_IDENTIFIER = edu.stanford.msolan.PulmonisTests;
				PRODUCT_NAME = "$(TARGET_NAME)";
				SWIFT_VERSION = 3.0;
				TEST_HOST = "$(BUILT_PRODUCTS_DIR)/Pulmonis.app/Pulmonis";
			};
			name = Release;
		};
		5BAF07ED1DB11C1B00AF2FD0 /* Debug */ = {
			isa = XCBuildConfiguration;
			buildSettings = {
				ALWAYS_EMBED_SWIFT_STANDARD_LIBRARIES = YES;
				DEVELOPMENT_TEAM = X2YRCXRG35;
				INFOPLIST_FILE = PulmonisUITests/Info.plist;
				LD_RUNPATH_SEARCH_PATHS = "$(inherited) @executable_path/Frameworks @loader_path/Frameworks";
				PRODUCT_BUNDLE_IDENTIFIER = edu.stanford.msolan.PulmonisUITests;
				PRODUCT_NAME = "$(TARGET_NAME)";
				SWIFT_VERSION = 3.0;
				TEST_TARGET_NAME = Pulmonis;
			};
			name = Debug;
		};
		5BAF07EE1DB11C1B00AF2FD0 /* Release */ = {
			isa = XCBuildConfiguration;
			buildSettings = {
				ALWAYS_EMBED_SWIFT_STANDARD_LIBRARIES = YES;
				DEVELOPMENT_TEAM = X2YRCXRG35;
				INFOPLIST_FILE = PulmonisUITests/Info.plist;
				LD_RUNPATH_SEARCH_PATHS = "$(inherited) @executable_path/Frameworks @loader_path/Frameworks";
				PRODUCT_BUNDLE_IDENTIFIER = edu.stanford.msolan.PulmonisUITests;
				PRODUCT_NAME = "$(TARGET_NAME)";
				SWIFT_VERSION = 3.0;
				TEST_TARGET_NAME = Pulmonis;
			};
			name = Release;
		};
/* End XCBuildConfiguration section */

/* Begin XCConfigurationList section */
		5BAF07B91DB11C1B00AF2FD0 /* Build configuration list for PBXProject "Pulmonis" */ = {
			isa = XCConfigurationList;
			buildConfigurations = (
				5BAF07E41DB11C1B00AF2FD0 /* Debug */,
				5BAF07E51DB11C1B00AF2FD0 /* Release */,
			);
			defaultConfigurationIsVisible = 0;
			defaultConfigurationName = Release;
		};
		5BAF07E61DB11C1B00AF2FD0 /* Build configuration list for PBXNativeTarget "Pulmonis" */ = {
			isa = XCConfigurationList;
			buildConfigurations = (
				5BAF07E71DB11C1B00AF2FD0 /* Debug */,
				5BAF07E81DB11C1B00AF2FD0 /* Release */,
			);
			defaultConfigurationIsVisible = 0;
			defaultConfigurationName = Release;
		};
		5BAF07E91DB11C1B00AF2FD0 /* Build configuration list for PBXNativeTarget "PulmonisTests" */ = {
			isa = XCConfigurationList;
			buildConfigurations = (
				5BAF07EA1DB11C1B00AF2FD0 /* Debug */,
				5BAF07EB1DB11C1B00AF2FD0 /* Release */,
			);
			defaultConfigurationIsVisible = 0;
			defaultConfigurationName = Release;
		};
		5BAF07EC1DB11C1B00AF2FD0 /* Build configuration list for PBXNativeTarget "PulmonisUITests" */ = {
			isa = XCConfigurationList;
			buildConfigurations = (
				5BAF07ED1DB11C1B00AF2FD0 /* Debug */,
				5BAF07EE1DB11C1B00AF2FD0 /* Release */,
			);
			defaultConfigurationIsVisible = 0;
			defaultConfigurationName = Release;
		};
/* End XCConfigurationList section */

/* Begin XCVersionGroup section */
		5B82CAB81DC8CA85003930FB /* PeakFlowModel.xcdatamodeld */ = {
			isa = XCVersionGroup;
			children = (
				5B82CAB91DC8CA85003930FB /* PeakFlowModel.xcdatamodel */,
			);
			currentVersion = 5B82CAB91DC8CA85003930FB /* PeakFlowModel.xcdatamodel */;
			path = PeakFlowModel.xcdatamodeld;
			sourceTree = "<group>";
			versionGroupType = wrapper.xcdatamodel;
		};
/* End XCVersionGroup section */
	};
	rootObject = 5BAF07B61DB11C1B00AF2FD0 /* Project object */;
}
